// !$*UTF8*$!
{
	archiveVersion = 1;
	classes = {
	};
	objectVersion = 63;
	objects = {

/* Begin PBXBuildFile section */
		2D8074EC4B7944408E128466 /* Main.storyboard in Resources */ = {isa = PBXBuildFile; fileRef = 4E818BA52F80EAA6A50EDB93 /* Main.storyboard */; };
		58AB59A24C26BC9F5C6835CB /* MatrixUtilities.swift in Sources */ = {isa = PBXBuildFile; fileRef = 583638560CE5883C29B59410 /* MatrixUtilities.swift */; };
		8188C7E7593DCAC45BE24617 /* Renderer.swift in Sources */ = {isa = PBXBuildFile; fileRef = B5F72BBD699E439042F2034B /* Renderer.swift */; };
		83BD31592E34B30F00852BFF /* uploads_files_2720101_BusGameMap.obj in Resources */ = {isa = PBXBuildFile; fileRef = 83BD31582E34B30F00852BFF /* uploads_files_2720101_BusGameMap.obj */; };
		85D1209D8AF2034AAE69AE5C /* Shaders.metal in Sources */ = {isa = PBXBuildFile; fileRef = A814ADCA263BA555B663A0B6 /* Shaders.metal */; };
		AFCB6BE423A5531C2F83115F /* ViewController.swift in Sources */ = {isa = PBXBuildFile; fileRef = 26FC3F1885C86C7532853235 /* ViewController.swift */; };
		B651B1C3DA5ED21810698216 /* AppDelegate.swift in Sources */ = {isa = PBXBuildFile; fileRef = 3FB4672D0410D113B4FE4A53 /* AppDelegate.swift */; };
/* End PBXBuildFile section */

/* Begin PBXFileReference section */
		26FC3F1885C86C7532853235 /* ViewController.swift */ = {isa = PBXFileReference; lastKnownFileType = sourcecode.swift; path = ViewController.swift; sourceTree = "<group>"; };
		3FB4672D0410D113B4FE4A53 /* AppDelegate.swift */ = {isa = PBXFileReference; lastKnownFileType = sourcecode.swift; path = AppDelegate.swift; sourceTree = "<group>"; };
		4E818BA52F80EAA6A50EDB93 /* Main.storyboard */ = {isa = PBXFileReference; lastKnownFileType = file.storyboard; path = Main.storyboard; sourceTree = "<group>"; };
		583638560CE5883C29B59410 /* MatrixUtilities.swift */ = {isa = PBXFileReference; lastKnownFileType = sourcecode.swift; path = MatrixUtilities.swift; sourceTree = "<group>"; };
		83BD31582E34B30F00852BFF /* uploads_files_2720101_BusGameMap.obj */ = {isa = PBXFileReference; lastKnownFileType = text; name = uploads_files_2720101_BusGameMap.obj; path = "../96-uploads_files_2720101_textures-2/uploads_files_2720101_BusGameMap.obj"; sourceTree = "<group>"; };
		83BD315A2E34B32300852BFF /* download (1).jpg */ = {isa = PBXFileReference; lastKnownFileType = image.jpeg; name = "download (1).jpg"; path = "../96-uploads_files_2720101_textures-2/textures/download (1).jpg"; sourceTree = "<group>"; };
		83BD315B2E34B32300852BFF /* TexturesCom_BuildingsHighRise0560_1_S.jpg */ = {isa = PBXFileReference; lastKnownFileType = image.jpeg; name = TexturesCom_BuildingsHighRise0560_1_S.jpg; path = "../96-uploads_files_2720101_textures-2/textures/TexturesCom_BuildingsHighRise0560_1_S.jpg"; sourceTree = "<group>"; };
		83BD315C2E34B32300852BFF /* roof 2.jpg */ = {isa = PBXFileReference; lastKnownFileType = image.jpeg; name = "roof 2.jpg"; path = "../96-uploads_files_2720101_textures-2/textures/roof 2.jpg"; sourceTree = "<group>"; };
		83BD315D2E34B32300852BFF /* dark table wood.PNG */ = {isa = PBXFileReference; lastKnownFileType = image.png; name = "dark table wood.PNG"; path = "../96-uploads_files_2720101_textures-2/textures/dark table wood.PNG"; sourceTree = "<group>"; };
		83BD315E2E34B32300852BFF /* aerial_grass_rock_diff_1k.jpg */ = {isa = PBXFileReference; lastKnownFileType = image.jpeg; name = aerial_grass_rock_diff_1k.jpg; path = "../96-uploads_files_2720101_textures-2/textures/aerial_grass_rock_diff_1k.jpg"; sourceTree = "<group>"; };
		83BD315F2E34B32300852BFF /* TexturesCom_BuildingsHighRise0634_5_seamless_S.jpg */ = {isa = PBXFileReference; lastKnownFileType = image.jpeg; name = TexturesCom_BuildingsHighRise0634_5_seamless_S.jpg; path = "../96-uploads_files_2720101_textures-2/textures/TexturesCom_BuildingsHighRise0634_5_seamless_S.jpg"; sourceTree = "<group>"; };
		83BD31602E34B32400852BFF /* 4880219806629888.jpg */ = {isa = PBXFileReference; lastKnownFileType = image.jpeg; name = 4880219806629888.jpg; path = "../96-uploads_files_2720101_textures-2/textures/4880219806629888.jpg"; sourceTree = "<group>"; };
		83BD31612E34B32400852BFF /* download (6).jpg */ = {isa = PBXFileReference; lastKnownFileType = image.jpeg; name = "download (6).jpg"; path = "../96-uploads_files_2720101_textures-2/textures/download (6).jpg"; sourceTree = "<group>"; };
		83BD31622E34B32400852BFF /* images (24).jpg */ = {isa = PBXFileReference; lastKnownFileType = image.jpeg; name = "images (24).jpg"; path = "../96-uploads_files_2720101_textures-2/textures/images (24).jpg"; sourceTree = "<group>"; };
		83BD31632E34B32400852BFF /* images (14).jpg */ = {isa = PBXFileReference; lastKnownFileType = image.jpeg; name = "images (14).jpg"; path = "../96-uploads_files_2720101_textures-2/textures/images (14).jpg"; sourceTree = "<group>"; };
		83BD31642E34B32400852BFF /* 8a635e6585d4ceacba00ec627996cdaa.jpg */ = {isa = PBXFileReference; lastKnownFileType = image.jpeg; name = 8a635e6585d4ceacba00ec627996cdaa.jpg; path = "../96-uploads_files_2720101_textures-2/textures/8a635e6585d4ceacba00ec627996cdaa.jpg"; sourceTree = "<group>"; };
		83BD31652E34B32400852BFF /* images (23).jpg */ = {isa = PBXFileReference; lastKnownFileType = image.jpeg; name = "images (23).jpg"; path = "../96-uploads_files_2720101_textures-2/textures/images (23).jpg"; sourceTree = "<group>"; };
		83BD31662E34B32400852BFF /* Facade006_2K_Color.jpg */ = {isa = PBXFileReference; lastKnownFileType = image.jpeg; name = Facade006_2K_Color.jpg; path = "../96-uploads_files_2720101_textures-2/textures/Facade006_2K_Color.jpg"; sourceTree = "<group>"; };
		83BD31672E34B32400852BFF /* images (8).jpg */ = {isa = PBXFileReference; lastKnownFileType = image.jpeg; name = "images (8).jpg"; path = "../96-uploads_files_2720101_textures-2/textures/images (8).jpg"; sourceTree = "<group>"; };
		83BD31682E34B32400852BFF /* images (21).jpg */ = {isa = PBXFileReference; lastKnownFileType = image.jpeg; name = "images (21).jpg"; path = "../96-uploads_files_2720101_textures-2/textures/images (21).jpg"; sourceTree = "<group>"; };
		83BD31692E34B32400852BFF /* Facade001_2K_Color.jpg */ = {isa = PBXFileReference; lastKnownFileType = image.jpeg; name = Facade001_2K_Color.jpg; path = "../96-uploads_files_2720101_textures-2/textures/Facade001_2K_Color.jpg"; sourceTree = "<group>"; };
		83BD316A2E34B32400852BFF /* download (2).jpg */ = {isa = PBXFileReference; lastKnownFileType = image.jpeg; name = "download (2).jpg"; path = "../96-uploads_files_2720101_textures-2/textures/download (2).jpg"; sourceTree = "<group>"; };
		83BD316B2E34B32400852BFF /* roof6.jpg */ = {isa = PBXFileReference; lastKnownFileType = image.jpeg; name = roof6.jpg; path = "../96-uploads_files_2720101_textures-2/textures/roof6.jpg"; sourceTree = "<group>"; };
		83BD316C2E34B32400852BFF /* roof 1.webp */ = {isa = PBXFileReference; lastKnownFileType = file; name = "roof 1.webp"; path = "../96-uploads_files_2720101_textures-2/textures/roof 1.webp"; sourceTree = "<group>"; };
		83BD316D2E34B32400852BFF /* images (13).jpg */ = {isa = PBXFileReference; lastKnownFileType = image.jpeg; name = "images (13).jpg"; path = "../96-uploads_files_2720101_textures-2/textures/images (13).jpg"; sourceTree = "<group>"; };
		83BD316E2E34B32400852BFF /* Building_texture8.jpg */ = {isa = PBXFileReference; lastKnownFileType = image.jpeg; name = Building_texture8.jpg; path = "../96-uploads_files_2720101_textures-2/textures/Building_texture8.jpg"; sourceTree = "<group>"; };
		83BD316F2E34B32400852BFF /* Facade001_2K_Color.jpg */ = {isa = PBXFileReference; lastKnownFileType = image.jpeg; path = Facade001_2K_Color.jpg; sourceTree = "<group>"; };
		83BD31702E34B32400852BFF /* Facade001_2K_Displacement.jpg */ = {isa = PBXFileReference; lastKnownFileType = image.jpeg; path = Facade001_2K_Displacement.jpg; sourceTree = "<group>"; };
		83BD31712E34B32400852BFF /* Facade001_2K_Metalness.jpg */ = {isa = PBXFileReference; lastKnownFileType = image.jpeg; path = Facade001_2K_Metalness.jpg; sourceTree = "<group>"; };
		83BD31722E34B32400852BFF /* Facade001_2K_Normal.jpg */ = {isa = PBXFileReference; lastKnownFileType = image.jpeg; path = Facade001_2K_Normal.jpg; sourceTree = "<group>"; };
		83BD31732E34B32400852BFF /* Facade001_2K_Roughness.jpg */ = {isa = PBXFileReference; lastKnownFileType = image.jpeg; path = Facade001_2K_Roughness.jpg; sourceTree = "<group>"; };
		83BD31752E34B32400852BFF /* download (10).jpg */ = {isa = PBXFileReference; lastKnownFileType = image.jpeg; name = "download (10).jpg"; path = "../96-uploads_files_2720101_textures-2/textures/download (10).jpg"; sourceTree = "<group>"; };
		83BD31762E34B32400852BFF /* images (1).jpg */ = {isa = PBXFileReference; lastKnownFileType = image.jpeg; name = "images (1).jpg"; path = "../96-uploads_files_2720101_textures-2/textures/images (1).jpg"; sourceTree = "<group>"; };
		83BD31772E34B32400852BFF /* TexturesCom_HighRiseGlass0110_4_seamless_S.jpg */ = {isa = PBXFileReference; lastKnownFileType = image.jpeg; name = TexturesCom_HighRiseGlass0110_4_seamless_S.jpg; path = "../96-uploads_files_2720101_textures-2/textures/TexturesCom_HighRiseGlass0110_4_seamless_S.jpg"; sourceTree = "<group>"; };
		83BD31782E34B32500852BFF /* TexturesCom_ConcreteSidewalk_2x2_1K_albedo.tif */ = {isa = PBXFileReference; lastKnownFileType = image.tiff; name = TexturesCom_ConcreteSidewalk_2x2_1K_albedo.tif; path = "../96-uploads_files_2720101_textures-2/textures/TexturesCom_ConcreteSidewalk_2x2_1K_albedo.tif"; sourceTree = "<group>"; };
		83BD31792E34B32500852BFF /* images (27).jpg */ = {isa = PBXFileReference; lastKnownFileType = image.jpeg; name = "images (27).jpg"; path = "../96-uploads_files_2720101_textures-2/textures/images (27).jpg"; sourceTree = "<group>"; };
		83BD317A2E34B32500852BFF /* aerial_grass_rock_ao_1k.jpg */ = {isa = PBXFileReference; lastKnownFileType = image.jpeg; name = aerial_grass_rock_ao_1k.jpg; path = "../96-uploads_files_2720101_textures-2/textures/aerial_grass_rock_ao_1k.jpg"; sourceTree = "<group>"; };
		83BD317B2E34B32500852BFF /* TexturesCom_HighRiseGlass0082_1_S.jpg */ = {isa = PBXFileReference; lastKnownFileType = image.jpeg; name = TexturesCom_HighRiseGlass0082_1_S.jpg; path = "../96-uploads_files_2720101_textures-2/textures/TexturesCom_HighRiseGlass0082_1_S.jpg"; sourceTree = "<group>"; };
		83BD317C2E34B32500852BFF /* images (9).jpg */ = {isa = PBXFileReference; lastKnownFileType = image.jpeg; name = "images (9).jpg"; path = "../96-uploads_files_2720101_textures-2/textures/images (9).jpg"; sourceTree = "<group>"; };
		83BD317D2E34B32500852BFF /* HighRiseResidential0062_2_download600.jpg */ = {isa = PBXFileReference; lastKnownFileType = image.jpeg; name = HighRiseResidential0062_2_download600.jpg; path = "../96-uploads_files_2720101_textures-2/textures/HighRiseResidential0062_2_download600.jpg"; sourceTree = "<group>"; };
		83BD317E2E34B32500852BFF /* images (25).jpg */ = {isa = PBXFileReference; lastKnownFileType = image.jpeg; name = "images (25).jpg"; path = "../96-uploads_files_2720101_textures-2/textures/images (25).jpg"; sourceTree = "<group>"; };
		83BD317F2E34B32500852BFF /* images (18).jpg */ = {isa = PBXFileReference; lastKnownFileType = image.jpeg; name = "images (18).jpg"; path = "../96-uploads_files_2720101_textures-2/textures/images (18).jpg"; sourceTree = "<group>"; };
		83BD31802E34B32500852BFF /* TexturesCom_HighRiseTowers0158_3_S.jpg */ = {isa = PBXFileReference; lastKnownFileType = image.jpeg; name = TexturesCom_HighRiseTowers0158_3_S.jpg; path = "../96-uploads_files_2720101_textures-2/textures/TexturesCom_HighRiseTowers0158_3_S.jpg"; sourceTree = "<group>"; };
		83BD31812E34B32500852BFF /* ea2874c813cd1d48138d045f6ca43c7b.jpg */ = {isa = PBXFileReference; lastKnownFileType = image.jpeg; name = ea2874c813cd1d48138d045f6ca43c7b.jpg; path = "../96-uploads_files_2720101_textures-2/textures/ea2874c813cd1d48138d045f6ca43c7b.jpg"; sourceTree = "<group>"; };
		83BD31822E34B32500852BFF /* TexturesCom_HighRiseResidential0197_2_seamless_S.jpg */ = {isa = PBXFileReference; lastKnownFileType = image.jpeg; name = TexturesCom_HighRiseResidential0197_2_seamless_S.jpg; path = "../96-uploads_files_2720101_textures-2/textures/TexturesCom_HighRiseResidential0197_2_seamless_S.jpg"; sourceTree = "<group>"; };
		83BD31832E34B32500852BFF /* images (7).jpg */ = {isa = PBXFileReference; lastKnownFileType = image.jpeg; name = "images (7).jpg"; path = "../96-uploads_files_2720101_textures-2/textures/images (7).jpg"; sourceTree = "<group>"; };
		83BD31842E34B32500852BFF /* HighRiseResidential0062_1_download600.jpg */ = {isa = PBXFileReference; lastKnownFileType = image.jpeg; name = HighRiseResidential0062_1_download600.jpg; path = "../96-uploads_files_2720101_textures-2/textures/HighRiseResidential0062_1_download600.jpg"; sourceTree = "<group>"; };
		83BD31852E34B32500852BFF /* TexturesCom_Pavement_Weave_1K_roughness.tif */ = {isa = PBXFileReference; lastKnownFileType = image.tiff; name = TexturesCom_Pavement_Weave_1K_roughness.tif; path = "../96-uploads_files_2720101_textures-2/textures/TexturesCom_Pavement_Weave_1K_roughness.tif"; sourceTree = "<group>"; };
		83BD31862E34B32500852BFF /* unnamed.jpg */ = {isa = PBXFileReference; lastKnownFileType = image.jpeg; name = unnamed.jpg; path = "../96-uploads_files_2720101_textures-2/textures/unnamed.jpg"; sourceTree = "<group>"; };
		83BD31872E34B32500852BFF /* TexturesCom_Fabric_Camouflage_512_albedo.tif */ = {isa = PBXFileReference; lastKnownFileType = image.tiff; name = TexturesCom_Fabric_Camouflage_512_albedo.tif; path = "../96-uploads_files_2720101_textures-2/textures/TexturesCom_Fabric_Camouflage_512_albedo.tif"; sourceTree = "<group>"; };
		83BD31882E34B32500852BFF /* unnamed (1).jpg */ = {isa = PBXFileReference; lastKnownFileType = image.jpeg; name = "unnamed (1).jpg"; path = "../96-uploads_files_2720101_textures-2/textures/unnamed (1).jpg"; sourceTree = "<group>"; };
		83BD31892E34B32500852BFF /* download (3).jpg */ = {isa = PBXFileReference; lastKnownFileType = image.jpeg; name = "download (3).jpg"; path = "../96-uploads_files_2720101_textures-2/textures/download (3).jpg"; sourceTree = "<group>"; };
		83BD318A2E34B32500852BFF /* images (10).jpg */ = {isa = PBXFileReference; lastKnownFileType = image.jpeg; name = "images (10).jpg"; path = "../96-uploads_files_2720101_textures-2/textures/images (10).jpg"; sourceTree = "<group>"; };
		83BD318B2E34B32600852BFF /* texture 1.jpg */ = {isa = PBXFileReference; lastKnownFileType = image.jpeg; name = "texture 1.jpg"; path = "../96-uploads_files_2720101_textures-2/textures/texture 1.jpg"; sourceTree = "<group>"; };
		83BD318C2E34B32600852BFF /* aerial_grass_rock_1k_jpg.zip */ = {isa = PBXFileReference; lastKnownFileType = archive.zip; name = aerial_grass_rock_1k_jpg.zip; path = "../96-uploads_files_2720101_textures-2/textures/aerial_grass_rock_1k_jpg.zip"; sourceTree = "<group>"; };
		83BD318D2E34B32600852BFF /* images (3).jpg */ = {isa = PBXFileReference; lastKnownFileType = image.jpeg; name = "images (3).jpg"; path = "../96-uploads_files_2720101_textures-2/textures/images (3).jpg"; sourceTree = "<group>"; };
		83BD318E2E34B32600852BFF /* download (5).jpg */ = {isa = PBXFileReference; lastKnownFileType = image.jpeg; name = "download (5).jpg"; path = "../96-uploads_files_2720101_textures-2/textures/download (5).jpg"; sourceTree = "<group>"; };
		83BD318F2E34B32600852BFF /* Building_texture6.jpg */ = {isa = PBXFileReference; lastKnownFileType = image.jpeg; name = Building_texture6.jpg; path = "../96-uploads_files_2720101_textures-2/textures/Building_texture6.jpg"; sourceTree = "<group>"; };
		83BD31902E34B32600852BFF /* TexturesCom_BuildingsHighRise0497_1_seamless_S.jpg */ = {isa = PBXFileReference; lastKnownFileType = image.jpeg; name = TexturesCom_BuildingsHighRise0497_1_seamless_S.jpg; path = "../96-uploads_files_2720101_textures-2/textures/TexturesCom_BuildingsHighRise0497_1_seamless_S.jpg"; sourceTree = "<group>"; };
		83BD31912E34B32600852BFF /* Facade006_2K_Color.jpg */ = {isa = PBXFileReference; lastKnownFileType = image.jpeg; path = Facade006_2K_Color.jpg; sourceTree = "<group>"; };
		83BD31922E34B32600852BFF /* Facade006_2K_Displacement.jpg */ = {isa = PBXFileReference; lastKnownFileType = image.jpeg; path = Facade006_2K_Displacement.jpg; sourceTree = "<group>"; };
		83BD31932E34B32600852BFF /* Facade006_2K_Metalness.jpg */ = {isa = PBXFileReference; lastKnownFileType = image.jpeg; path = Facade006_2K_Metalness.jpg; sourceTree = "<group>"; };
		83BD31942E34B32600852BFF /* Facade006_2K_Normal.jpg */ = {isa = PBXFileReference; lastKnownFileType = image.jpeg; path = Facade006_2K_Normal.jpg; sourceTree = "<group>"; };
		83BD31952E34B32600852BFF /* Facade006_2K_Roughness.jpg */ = {isa = PBXFileReference; lastKnownFileType = image.jpeg; path = Facade006_2K_Roughness.jpg; sourceTree = "<group>"; };
		83BD31972E34B32600852BFF /* TexturesCom_BuildingsHighRise0639_5_seamless_S.jpg */ = {isa = PBXFileReference; lastKnownFileType = image.jpeg; name = TexturesCom_BuildingsHighRise0639_5_seamless_S.jpg; path = "../96-uploads_files_2720101_textures-2/textures/TexturesCom_BuildingsHighRise0639_5_seamless_S.jpg"; sourceTree = "<group>"; };
		83BD31982E34B32600852BFF /* road.jpg */ = {isa = PBXFileReference; lastKnownFileType = image.jpeg; name = road.jpg; path = "../96-uploads_files_2720101_textures-2/textures/road.jpg"; sourceTree = "<group>"; };
		83BD31992E34B32600852BFF /* roo4.jpg */ = {isa = PBXFileReference; lastKnownFileType = image.jpeg; name = roo4.jpg; path = "../96-uploads_files_2720101_textures-2/textures/roo4.jpg"; sourceTree = "<group>"; };
		83BD319A2E34B32600852BFF /* images (19).jpg */ = {isa = PBXFileReference; lastKnownFileType = image.jpeg; name = "images (19).jpg"; path = "../96-uploads_files_2720101_textures-2/textures/images (19).jpg"; sourceTree = "<group>"; };
		83BD319B2E34B32600852BFF /* images (2).jpg */ = {isa = PBXFileReference; lastKnownFileType = image.jpeg; name = "images (2).jpg"; path = "../96-uploads_files_2720101_textures-2/textures/images (2).jpg"; sourceTree = "<group>"; };
		83BD319C2E34B32600852BFF /* roof5.jpg */ = {isa = PBXFileReference; lastKnownFileType = image.jpeg; name = roof5.jpg; path = "../96-uploads_files_2720101_textures-2/textures/roof5.jpg"; sourceTree = "<group>"; };
		83BD319D2E34B32600852BFF /* TexturesCom_HighRiseGlass0031_1_seamless_S.jpg */ = {isa = PBXFileReference; lastKnownFileType = image.jpeg; name = TexturesCom_HighRiseGlass0031_1_seamless_S.jpg; path = "../96-uploads_files_2720101_textures-2/textures/TexturesCom_HighRiseGlass0031_1_seamless_S.jpg"; sourceTree = "<group>"; };
		83BD319E2E34B32600852BFF /* images (15).jpg */ = {isa = PBXFileReference; lastKnownFileType = image.jpeg; name = "images (15).jpg"; path = "../96-uploads_files_2720101_textures-2/textures/images (15).jpg"; sourceTree = "<group>"; };
		83BD319F2E34B32600852BFF /* download (4).jpg */ = {isa = PBXFileReference; lastKnownFileType = image.jpeg; name = "download (4).jpg"; path = "../96-uploads_files_2720101_textures-2/textures/download (4).jpg"; sourceTree = "<group>"; };
		83BD31A02E34B32600852BFF /* images (5).jpg */ = {isa = PBXFileReference; lastKnownFileType = image.jpeg; name = "images (5).jpg"; path = "../96-uploads_files_2720101_textures-2/textures/images (5).jpg"; sourceTree = "<group>"; };
		83BD31A12E34B32600852BFF /* download (11).jpg */ = {isa = PBXFileReference; lastKnownFileType = image.jpeg; name = "download (11).jpg"; path = "../96-uploads_files_2720101_textures-2/textures/download (11).jpg"; sourceTree = "<group>"; };
		83BD31A22E34B32600852BFF /* Facade006_2K-JPG.zip */ = {isa = PBXFileReference; lastKnownFileType = archive.zip; name = "Facade006_2K-JPG.zip"; path = "../96-uploads_files_2720101_textures-2/textures/Facade006_2K-JPG.zip"; sourceTree = "<group>"; };
		83BD31A32E34B32700852BFF /* images (16).jpg */ = {isa = PBXFileReference; lastKnownFileType = image.jpeg; name = "images (16).jpg"; path = "../96-uploads_files_2720101_textures-2/textures/images (16).jpg"; sourceTree = "<group>"; };
		83BD31A42E34B32700852BFF /* TexturesCom_BuildingsHighRise0564_1_S.jpg */ = {isa = PBXFileReference; lastKnownFileType = image.jpeg; name = TexturesCom_BuildingsHighRise0564_1_S.jpg; path = "../96-uploads_files_2720101_textures-2/textures/TexturesCom_BuildingsHighRise0564_1_S.jpg"; sourceTree = "<group>"; };
		83BD31A52E34B32700852BFF /* images (26).jpg */ = {isa = PBXFileReference; lastKnownFileType = image.jpeg; name = "images (26).jpg"; path = "../96-uploads_files_2720101_textures-2/textures/images (26).jpg"; sourceTree = "<group>"; };
		83BD31A62E34B32700852BFF /* HighRiseGlass0048_1_download600.jpg */ = {isa = PBXFileReference; lastKnownFileType = image.jpeg; name = HighRiseGlass0048_1_download600.jpg; path = "../96-uploads_files_2720101_textures-2/textures/HighRiseGlass0048_1_download600.jpg"; sourceTree = "<group>"; };
		83BD31A72E34B32700852BFF /* militarytexture.jpg */ = {isa = PBXFileReference; lastKnownFileType = image.jpeg; name = militarytexture.jpg; path = "../96-uploads_files_2720101_textures-2/textures/militarytexture.jpg"; sourceTree = "<group>"; };
		83BD31A82E34B32700852BFF /* TexturesCom_HighRiseGlass0048_1_seamless_S.jpg */ = {isa = PBXFileReference; lastKnownFileType = image.jpeg; name = TexturesCom_HighRiseGlass0048_1_seamless_S.jpg; path = "../96-uploads_files_2720101_textures-2/textures/TexturesCom_HighRiseGlass0048_1_seamless_S.jpg"; sourceTree = "<group>"; };
		83BD31A92E34B32700852BFF /* images (4).jpg */ = {isa = PBXFileReference; lastKnownFileType = image.jpeg; name = "images (4).jpg"; path = "../96-uploads_files_2720101_textures-2/textures/images (4).jpg"; sourceTree = "<group>"; };
		83BD31AA2E34B32700852BFF /* images.jpg */ = {isa = PBXFileReference; lastKnownFileType = image.jpeg; name = images.jpg; path = "../96-uploads_files_2720101_textures-2/textures/images.jpg"; sourceTree = "<group>"; };
		83BD31AB2E34B32700852BFF /* images (22).jpg */ = {isa = PBXFileReference; lastKnownFileType = image.jpeg; name = "images (22).jpg"; path = "../96-uploads_files_2720101_textures-2/textures/images (22).jpg"; sourceTree = "<group>"; };
		83BD31AC2E34B32700852BFF /* aerial_grass_rock_ao_1k.jpg */ = {isa = PBXFileReference; lastKnownFileType = image.jpeg; path = aerial_grass_rock_ao_1k.jpg; sourceTree = "<group>"; };
		83BD31AD2E34B32700852BFF /* aerial_grass_rock_diff_1k.jpg */ = {isa = PBXFileReference; lastKnownFileType = image.jpeg; path = aerial_grass_rock_diff_1k.jpg; sourceTree = "<group>"; };
		83BD31AE2E34B32700852BFF /* aerial_grass_rock_disp_1k.jpg */ = {isa = PBXFileReference; lastKnownFileType = image.jpeg; path = aerial_grass_rock_disp_1k.jpg; sourceTree = "<group>"; };
		83BD31AF2E34B32700852BFF /* aerial_grass_rock_nor_1k.jpg */ = {isa = PBXFileReference; lastKnownFileType = image.jpeg; path = aerial_grass_rock_nor_1k.jpg; sourceTree = "<group>"; };
		83BD31B02E34B32700852BFF /* aerial_grass_rock_rough_1k.jpg */ = {isa = PBXFileReference; lastKnownFileType = image.jpeg; path = aerial_grass_rock_rough_1k.jpg; sourceTree = "<group>"; };
		83BD31B12E34B32700852BFF /* aerial_grass_rock_rough_ao_1k.jpg */ = {isa = PBXFileReference; lastKnownFileType = image.jpeg; path = aerial_grass_rock_rough_ao_1k.jpg; sourceTree = "<group>"; };
		83BD31B32E34B32700852BFF /* Facade001_2K_Color.jpg */ = {isa = PBXFileReference; lastKnownFileType = image.jpeg; path = Facade001_2K_Color.jpg; sourceTree = "<group>"; };
		83BD31B42E34B32700852BFF /* Facade001_2K_Displacement.jpg */ = {isa = PBXFileReference; lastKnownFileType = image.jpeg; path = Facade001_2K_Displacement.jpg; sourceTree = "<group>"; };
		83BD31B52E34B32700852BFF /* Facade001_2K_Metalness.jpg */ = {isa = PBXFileReference; lastKnownFileType = image.jpeg; path = Facade001_2K_Metalness.jpg; sourceTree = "<group>"; };
		83BD31B62E34B32700852BFF /* Facade001_2K_Normal.jpg */ = {isa = PBXFileReference; lastKnownFileType = image.jpeg; path = Facade001_2K_Normal.jpg; sourceTree = "<group>"; };
		83BD31B72E34B32700852BFF /* Facade001_2K_Roughness.jpg */ = {isa = PBXFileReference; lastKnownFileType = image.jpeg; path = Facade001_2K_Roughness.jpg; sourceTree = "<group>"; };
		83BD31B92E34B32700852BFF /* Facade006_2K_Color.jpg */ = {isa = PBXFileReference; lastKnownFileType = image.jpeg; path = Facade006_2K_Color.jpg; sourceTree = "<group>"; };
		83BD31BA2E34B32700852BFF /* Facade006_2K_Displacement.jpg */ = {isa = PBXFileReference; lastKnownFileType = image.jpeg; path = Facade006_2K_Displacement.jpg; sourceTree = "<group>"; };
		83BD31BB2E34B32700852BFF /* Facade006_2K_Metalness.jpg */ = {isa = PBXFileReference; lastKnownFileType = image.jpeg; path = Facade006_2K_Metalness.jpg; sourceTree = "<group>"; };
		83BD31BC2E34B32700852BFF /* Facade006_2K_Normal.jpg */ = {isa = PBXFileReference; lastKnownFileType = image.jpeg; path = Facade006_2K_Normal.jpg; sourceTree = "<group>"; };
		83BD31BD2E34B32700852BFF /* Facade006_2K_Roughness.jpg */ = {isa = PBXFileReference; lastKnownFileType = image.jpeg; path = Facade006_2K_Roughness.jpg; sourceTree = "<group>"; };
		83BD31BF2E34B32700852BFF /* 8a635e6585d4ceacba00ec627996cdaa.jpg */ = {isa = PBXFileReference; lastKnownFileType = image.jpeg; path = 8a635e6585d4ceacba00ec627996cdaa.jpg; sourceTree = "<group>"; };
		83BD31C02E34B32700852BFF /* 6293fa4cad13168420de47380d0b0e36.jpg */ = {isa = PBXFileReference; lastKnownFileType = image.jpeg; path = 6293fa4cad13168420de47380d0b0e36.jpg; sourceTree = "<group>"; };
		83BD31C12E34B32700852BFF /* 4880219806629888.jpg */ = {isa = PBXFileReference; lastKnownFileType = image.jpeg; path = 4880219806629888.jpg; sourceTree = "<group>"; };
		83BD31C22E34B32700852BFF /* aerial_grass_rock_1k_jpg.zip */ = {isa = PBXFileReference; lastKnownFileType = archive.zip; path = aerial_grass_rock_1k_jpg.zip; sourceTree = "<group>"; };
		83BD31C32E34B32700852BFF /* aerial_grass_rock_ao_1k.jpg */ = {isa = PBXFileReference; lastKnownFileType = image.jpeg; path = aerial_grass_rock_ao_1k.jpg; sourceTree = "<group>"; };
		83BD31C42E34B32700852BFF /* aerial_grass_rock_diff_1k.jpg */ = {isa = PBXFileReference; lastKnownFileType = image.jpeg; path = aerial_grass_rock_diff_1k.jpg; sourceTree = "<group>"; };
		83BD31C52E34B32700852BFF /* Building_texture3.jpg */ = {isa = PBXFileReference; lastKnownFileType = image.jpeg; path = Building_texture3.jpg; sourceTree = "<group>"; };
		83BD31C62E34B32700852BFF /* Building_texture5.jpg */ = {isa = PBXFileReference; lastKnownFileType = image.jpeg; path = Building_texture5.jpg; sourceTree = "<group>"; };
		83BD31C72E34B32700852BFF /* Building_texture6.jpg */ = {isa = PBXFileReference; lastKnownFileType = image.jpeg; path = Building_texture6.jpg; sourceTree = "<group>"; };
		83BD31C82E34B32700852BFF /* Building_texture8.jpg */ = {isa = PBXFileReference; lastKnownFileType = image.jpeg; path = Building_texture8.jpg; sourceTree = "<group>"; };
		83BD31C92E34B32700852BFF /* Building_texture9.jpg */ = {isa = PBXFileReference; lastKnownFileType = image.jpeg; path = Building_texture9.jpg; sourceTree = "<group>"; };
		83BD31CA2E34B32700852BFF /* Building_texture10.jpg */ = {isa = PBXFileReference; lastKnownFileType = image.jpeg; path = Building_texture10.jpg; sourceTree = "<group>"; };
		83BD31CB2E34B32700852BFF /* BuildingsHighRise0551_1_download600.jpg */ = {isa = PBXFileReference; lastKnownFileType = image.jpeg; path = BuildingsHighRise0551_1_download600.jpg; sourceTree = "<group>"; };
		83BD31CC2E34B32700852BFF /* BuildingsHighRise0558_download600.jpg */ = {isa = PBXFileReference; lastKnownFileType = image.jpeg; path = BuildingsHighRise0558_download600.jpg; sourceTree = "<group>"; };
		83BD31CD2E34B32700852BFF /* Capture.PNG */ = {isa = PBXFileReference; lastKnownFileType = image.png; path = Capture.PNG; sourceTree = "<group>"; };
		83BD31CE2E34B32700852BFF /* dark table wood.PNG */ = {isa = PBXFileReference; lastKnownFileType = image.png; path = "dark table wood.PNG"; sourceTree = "<group>"; };
		83BD31CF2E34B32700852BFF /* download.jpg */ = {isa = PBXFileReference; lastKnownFileType = image.jpeg; path = download.jpg; sourceTree = "<group>"; };
		83BD31D02E34B32700852BFF /* download (1).jpg */ = {isa = PBXFileReference; lastKnownFileType = image.jpeg; path = "download (1).jpg"; sourceTree = "<group>"; };
		83BD31D12E34B32700852BFF /* download (2).jpg */ = {isa = PBXFileReference; lastKnownFileType = image.jpeg; path = "download (2).jpg"; sourceTree = "<group>"; };
		83BD31D22E34B32700852BFF /* download (3).jpg */ = {isa = PBXFileReference; lastKnownFileType = image.jpeg; path = "download (3).jpg"; sourceTree = "<group>"; };
		83BD31D32E34B32700852BFF /* download (4).jpg */ = {isa = PBXFileReference; lastKnownFileType = image.jpeg; path = "download (4).jpg"; sourceTree = "<group>"; };
		83BD31D42E34B32700852BFF /* download (5).jpg */ = {isa = PBXFileReference; lastKnownFileType = image.jpeg; path = "download (5).jpg"; sourceTree = "<group>"; };
		83BD31D52E34B32700852BFF /* download (6).jpg */ = {isa = PBXFileReference; lastKnownFileType = image.jpeg; path = "download (6).jpg"; sourceTree = "<group>"; };
		83BD31D62E34B32700852BFF /* download (7).jpg */ = {isa = PBXFileReference; lastKnownFileType = image.jpeg; path = "download (7).jpg"; sourceTree = "<group>"; };
		83BD31D72E34B32700852BFF /* download (8).jpg */ = {isa = PBXFileReference; lastKnownFileType = image.jpeg; path = "download (8).jpg"; sourceTree = "<group>"; };
		83BD31D82E34B32700852BFF /* download (9).jpg */ = {isa = PBXFileReference; lastKnownFileType = image.jpeg; path = "download (9).jpg"; sourceTree = "<group>"; };
		83BD31D92E34B32700852BFF /* download (10).jpg */ = {isa = PBXFileReference; lastKnownFileType = image.jpeg; path = "download (10).jpg"; sourceTree = "<group>"; };
		83BD31DA2E34B32700852BFF /* download (11).jpg */ = {isa = PBXFileReference; lastKnownFileType = image.jpeg; path = "download (11).jpg"; sourceTree = "<group>"; };
		83BD31DB2E34B32700852BFF /* download4.jpg */ = {isa = PBXFileReference; lastKnownFileType = image.jpeg; path = download4.jpg; sourceTree = "<group>"; };
		83BD31DC2E34B32700852BFF /* ea2874c813cd1d48138d045f6ca43c7b.jpg */ = {isa = PBXFileReference; lastKnownFileType = image.jpeg; path = ea2874c813cd1d48138d045f6ca43c7b.jpg; sourceTree = "<group>"; };
		83BD31DD2E34B32700852BFF /* f13bf40efcab60e4cdabd13d4c81856a.jpg */ = {isa = PBXFileReference; lastKnownFileType = image.jpeg; path = f13bf40efcab60e4cdabd13d4c81856a.jpg; sourceTree = "<group>"; };
		83BD31DE2E34B32700852BFF /* Facade001_2K_Color.jpg */ = {isa = PBXFileReference; lastKnownFileType = image.jpeg; path = Facade001_2K_Color.jpg; sourceTree = "<group>"; };
		83BD31DF2E34B32700852BFF /* Facade001_2K-JPG.zip */ = {isa = PBXFileReference; lastKnownFileType = archive.zip; path = "Facade001_2K-JPG.zip"; sourceTree = "<group>"; };
		83BD31E02E34B32700852BFF /* Facade006_2K_Color.jpg */ = {isa = PBXFileReference; lastKnownFileType = image.jpeg; path = Facade006_2K_Color.jpg; sourceTree = "<group>"; };
		83BD31E12E34B32700852BFF /* Facade006_2K-JPG.zip */ = {isa = PBXFileReference; lastKnownFileType = archive.zip; path = "Facade006_2K-JPG.zip"; sourceTree = "<group>"; };
		83BD31E22E34B32700852BFF /* grass.jpg */ = {isa = PBXFileReference; lastKnownFileType = image.jpeg; path = grass.jpg; sourceTree = "<group>"; };
		83BD31E32E34B32700852BFF /* HighRiseGlass0048_1_download600.jpg */ = {isa = PBXFileReference; lastKnownFileType = image.jpeg; path = HighRiseGlass0048_1_download600.jpg; sourceTree = "<group>"; };
		83BD31E42E34B32700852BFF /* HighRiseResidential0062_1_download600.jpg */ = {isa = PBXFileReference; lastKnownFileType = image.jpeg; path = HighRiseResidential0062_1_download600.jpg; sourceTree = "<group>"; };
		83BD31E52E34B32700852BFF /* HighRiseResidential0062_2_download600.jpg */ = {isa = PBXFileReference; lastKnownFileType = image.jpeg; path = HighRiseResidential0062_2_download600.jpg; sourceTree = "<group>"; };
		83BD31E62E34B32700852BFF /* images.jpg */ = {isa = PBXFileReference; lastKnownFileType = image.jpeg; path = images.jpg; sourceTree = "<group>"; };
		83BD31E72E34B32700852BFF /* images (1).jpg */ = {isa = PBXFileReference; lastKnownFileType = image.jpeg; path = "images (1).jpg"; sourceTree = "<group>"; };
		83BD31E82E34B32700852BFF /* images (2).jpg */ = {isa = PBXFileReference; lastKnownFileType = image.jpeg; path = "images (2).jpg"; sourceTree = "<group>"; };
		83BD31E92E34B32700852BFF /* images (3).jpg */ = {isa = PBXFileReference; lastKnownFileType = image.jpeg; path = "images (3).jpg"; sourceTree = "<group>"; };
		83BD31EA2E34B32700852BFF /* images (4).jpg */ = {isa = PBXFileReference; lastKnownFileType = image.jpeg; path = "images (4).jpg"; sourceTree = "<group>"; };
		83BD31EB2E34B32700852BFF /* images (5).jpg */ = {isa = PBXFileReference; lastKnownFileType = image.jpeg; path = "images (5).jpg"; sourceTree = "<group>"; };
		83BD31EC2E34B32700852BFF /* images (6).jpg */ = {isa = PBXFileReference; lastKnownFileType = image.jpeg; path = "images (6).jpg"; sourceTree = "<group>"; };
		83BD31ED2E34B32700852BFF /* images (7).jpg */ = {isa = PBXFileReference; lastKnownFileType = image.jpeg; path = "images (7).jpg"; sourceTree = "<group>"; };
		83BD31EE2E34B32700852BFF /* images (8).jpg */ = {isa = PBXFileReference; lastKnownFileType = image.jpeg; path = "images (8).jpg"; sourceTree = "<group>"; };
		83BD31EF2E34B32700852BFF /* images (9).jpg */ = {isa = PBXFileReference; lastKnownFileType = image.jpeg; path = "images (9).jpg"; sourceTree = "<group>"; };
		83BD31F02E34B32700852BFF /* images (10).jpg */ = {isa = PBXFileReference; lastKnownFileType = image.jpeg; path = "images (10).jpg"; sourceTree = "<group>"; };
		83BD31F12E34B32700852BFF /* images (11).jpg */ = {isa = PBXFileReference; lastKnownFileType = image.jpeg; path = "images (11).jpg"; sourceTree = "<group>"; };
		83BD31F22E34B32700852BFF /* images (12).jpg */ = {isa = PBXFileReference; lastKnownFileType = image.jpeg; path = "images (12).jpg"; sourceTree = "<group>"; };
		83BD31F32E34B32700852BFF /* images (13).jpg */ = {isa = PBXFileReference; lastKnownFileType = image.jpeg; path = "images (13).jpg"; sourceTree = "<group>"; };
		83BD31F42E34B32700852BFF /* images (14).jpg */ = {isa = PBXFileReference; lastKnownFileType = image.jpeg; path = "images (14).jpg"; sourceTree = "<group>"; };
		83BD31F52E34B32700852BFF /* images (15).jpg */ = {isa = PBXFileReference; lastKnownFileType = image.jpeg; path = "images (15).jpg"; sourceTree = "<group>"; };
		83BD31F62E34B32700852BFF /* images (16).jpg */ = {isa = PBXFileReference; lastKnownFileType = image.jpeg; path = "images (16).jpg"; sourceTree = "<group>"; };
		83BD31F72E34B32700852BFF /* images (17).jpg */ = {isa = PBXFileReference; lastKnownFileType = image.jpeg; path = "images (17).jpg"; sourceTree = "<group>"; };
		83BD31F82E34B32700852BFF /* images (18).jpg */ = {isa = PBXFileReference; lastKnownFileType = image.jpeg; path = "images (18).jpg"; sourceTree = "<group>"; };
		83BD31F92E34B32700852BFF /* images (19).jpg */ = {isa = PBXFileReference; lastKnownFileType = image.jpeg; path = "images (19).jpg"; sourceTree = "<group>"; };
		83BD31FA2E34B32700852BFF /* images (20).jpg */ = {isa = PBXFileReference; lastKnownFileType = image.jpeg; path = "images (20).jpg"; sourceTree = "<group>"; };
		83BD31FB2E34B32700852BFF /* images (21).jpg */ = {isa = PBXFileReference; lastKnownFileType = image.jpeg; path = "images (21).jpg"; sourceTree = "<group>"; };
		83BD31FC2E34B32700852BFF /* images (22).jpg */ = {isa = PBXFileReference; lastKnownFileType = image.jpeg; path = "images (22).jpg"; sourceTree = "<group>"; };
		83BD31FD2E34B32700852BFF /* images (23).jpg */ = {isa = PBXFileReference; lastKnownFileType = image.jpeg; path = "images (23).jpg"; sourceTree = "<group>"; };
		83BD31FE2E34B32700852BFF /* images (24).jpg */ = {isa = PBXFileReference; lastKnownFileType = image.jpeg; path = "images (24).jpg"; sourceTree = "<group>"; };
		83BD31FF2E34B32700852BFF /* images (25).jpg */ = {isa = PBXFileReference; lastKnownFileType = image.jpeg; path = "images (25).jpg"; sourceTree = "<group>"; };
		83BD32002E34B32700852BFF /* images (26).jpg */ = {isa = PBXFileReference; lastKnownFileType = image.jpeg; path = "images (26).jpg"; sourceTree = "<group>"; };
		83BD32012E34B32700852BFF /* images (27).jpg */ = {isa = PBXFileReference; lastKnownFileType = image.jpeg; path = "images (27).jpg"; sourceTree = "<group>"; };
		83BD32022E34B32700852BFF /* militarytexture.jpg */ = {isa = PBXFileReference; lastKnownFileType = image.jpeg; path = militarytexture.jpg; sourceTree = "<group>"; };
		83BD32032E34B32700852BFF /* peopleColors.png */ = {isa = PBXFileReference; lastKnownFileType = image.png; path = peopleColors.png; sourceTree = "<group>"; };
		83BD32042E34B32700852BFF /* road.jpg */ = {isa = PBXFileReference; lastKnownFileType = image.jpeg; path = road.jpg; sourceTree = "<group>"; };
		83BD32052E34B32700852BFF /* roo4.jpg */ = {isa = PBXFileReference; lastKnownFileType = image.jpeg; path = roo4.jpg; sourceTree = "<group>"; };
		83BD32062E34B32700852BFF /* roof 1.webp */ = {isa = PBXFileReference; lastKnownFileType = file; path = "roof 1.webp"; sourceTree = "<group>"; };
		83BD32072E34B32700852BFF /* roof 2.jpg */ = {isa = PBXFileReference; lastKnownFileType = image.jpeg; path = "roof 2.jpg"; sourceTree = "<group>"; };
		83BD32082E34B32700852BFF /* roof3.jpg */ = {isa = PBXFileReference; lastKnownFileType = image.jpeg; path = roof3.jpg; sourceTree = "<group>"; };
		83BD32092E34B32700852BFF /* roof5.jpg */ = {isa = PBXFileReference; lastKnownFileType = image.jpeg; path = roof5.jpg; sourceTree = "<group>"; };
		83BD320A2E34B32700852BFF /* roof6.jpg */ = {isa = PBXFileReference; lastKnownFileType = image.jpeg; path = roof6.jpg; sourceTree = "<group>"; };
		83BD320B2E34B32700852BFF /* texture 1.jpg */ = {isa = PBXFileReference; lastKnownFileType = image.jpeg; path = "texture 1.jpg"; sourceTree = "<group>"; };
		83BD320C2E34B32700852BFF /* TexturesCom_BuildingsHighRise0497_1_seamless_S.jpg */ = {isa = PBXFileReference; lastKnownFileType = image.jpeg; path = TexturesCom_BuildingsHighRise0497_1_seamless_S.jpg; sourceTree = "<group>"; };
		83BD320D2E34B32700852BFF /* TexturesCom_BuildingsHighRise0560_1_S.jpg */ = {isa = PBXFileReference; lastKnownFileType = image.jpeg; path = TexturesCom_BuildingsHighRise0560_1_S.jpg; sourceTree = "<group>"; };
		83BD320E2E34B32700852BFF /* TexturesCom_BuildingsHighRise0564_1_S.jpg */ = {isa = PBXFileReference; lastKnownFileType = image.jpeg; path = TexturesCom_BuildingsHighRise0564_1_S.jpg; sourceTree = "<group>"; };
		83BD320F2E34B32700852BFF /* TexturesCom_BuildingsHighRise0607_1_S.jpg */ = {isa = PBXFileReference; lastKnownFileType = image.jpeg; path = TexturesCom_BuildingsHighRise0607_1_S.jpg; sourceTree = "<group>"; };
		83BD32102E34B32700852BFF /* TexturesCom_BuildingsHighRise0624_2_seamless_S.jpg */ = {isa = PBXFileReference; lastKnownFileType = image.jpeg; path = TexturesCom_BuildingsHighRise0624_2_seamless_S.jpg; sourceTree = "<group>"; };
		83BD32112E34B32700852BFF /* TexturesCom_BuildingsHighRise0625_2_seamless_S.jpg */ = {isa = PBXFileReference; lastKnownFileType = image.jpeg; path = TexturesCom_BuildingsHighRise0625_2_seamless_S.jpg; sourceTree = "<group>"; };
		83BD32122E34B32700852BFF /* TexturesCom_BuildingsHighRise0634_5_seamless_S.jpg */ = {isa = PBXFileReference; lastKnownFileType = image.jpeg; path = TexturesCom_BuildingsHighRise0634_5_seamless_S.jpg; sourceTree = "<group>"; };
		83BD32132E34B32700852BFF /* TexturesCom_BuildingsHighRise0639_5_seamless_S.jpg */ = {isa = PBXFileReference; lastKnownFileType = image.jpeg; path = TexturesCom_BuildingsHighRise0639_5_seamless_S.jpg; sourceTree = "<group>"; };
		83BD32142E34B32700852BFF /* TexturesCom_ConcreteSidewalk_2x2_1K_albedo.tif */ = {isa = PBXFileReference; lastKnownFileType = image.tiff; path = TexturesCom_ConcreteSidewalk_2x2_1K_albedo.tif; sourceTree = "<group>"; };
		83BD32152E34B32700852BFF /* TexturesCom_Fabric_Camouflage_512_albedo.tif */ = {isa = PBXFileReference; lastKnownFileType = image.tiff; path = TexturesCom_Fabric_Camouflage_512_albedo.tif; sourceTree = "<group>"; };
		83BD32162E34B32700852BFF /* TexturesCom_HighRiseGlass0031_1_seamless_S.jpg */ = {isa = PBXFileReference; lastKnownFileType = image.jpeg; path = TexturesCom_HighRiseGlass0031_1_seamless_S.jpg; sourceTree = "<group>"; };
		83BD32172E34B32700852BFF /* TexturesCom_HighRiseGlass0048_1_seamless_S.jpg */ = {isa = PBXFileReference; lastKnownFileType = image.jpeg; path = TexturesCom_HighRiseGlass0048_1_seamless_S.jpg; sourceTree = "<group>"; };
		83BD32182E34B32700852BFF /* TexturesCom_HighRiseGlass0053_1_seamless_S.jpg */ = {isa = PBXFileReference; lastKnownFileType = image.jpeg; path = TexturesCom_HighRiseGlass0053_1_seamless_S.jpg; sourceTree = "<group>"; };
		83BD32192E34B32700852BFF /* TexturesCom_HighRiseGlass0056_1_seamless_S.jpg */ = {isa = PBXFileReference; lastKnownFileType = image.jpeg; path = TexturesCom_HighRiseGlass0056_1_seamless_S.jpg; sourceTree = "<group>"; };
		83BD321A2E34B32700852BFF /* TexturesCom_HighRiseGlass0082_1_S.jpg */ = {isa = PBXFileReference; lastKnownFileType = image.jpeg; path = TexturesCom_HighRiseGlass0082_1_S.jpg; sourceTree = "<group>"; };
		83BD321B2E34B32700852BFF /* TexturesCom_HighRiseGlass0086_1_S.jpg */ = {isa = PBXFileReference; lastKnownFileType = image.jpeg; path = TexturesCom_HighRiseGlass0086_1_S.jpg; sourceTree = "<group>"; };
		83BD321C2E34B32700852BFF /* TexturesCom_HighRiseGlass0091_1_seamless_S.jpg */ = {isa = PBXFileReference; lastKnownFileType = image.jpeg; path = TexturesCom_HighRiseGlass0091_1_seamless_S.jpg; sourceTree = "<group>"; };
		83BD321D2E34B32700852BFF /* TexturesCom_HighRiseGlass0101_3_seamless_S.jpg */ = {isa = PBXFileReference; lastKnownFileType = image.jpeg; path = TexturesCom_HighRiseGlass0101_3_seamless_S.jpg; sourceTree = "<group>"; };
		83BD321E2E34B32700852BFF /* TexturesCom_HighRiseGlass0104_3_seamless_S.jpg */ = {isa = PBXFileReference; lastKnownFileType = image.jpeg; path = TexturesCom_HighRiseGlass0104_3_seamless_S.jpg; sourceTree = "<group>"; };
		83BD321F2E34B32700852BFF /* TexturesCom_HighRiseGlass0110_4_seamless_S.jpg */ = {isa = PBXFileReference; lastKnownFileType = image.jpeg; path = TexturesCom_HighRiseGlass0110_4_seamless_S.jpg; sourceTree = "<group>"; };
		83BD32202E34B32700852BFF /* TexturesCom_HighRiseResidential0098_1_seamless_S.jpg */ = {isa = PBXFileReference; lastKnownFileType = image.jpeg; path = TexturesCom_HighRiseResidential0098_1_seamless_S.jpg; sourceTree = "<group>"; };
		83BD32212E34B32700852BFF /* TexturesCom_HighRiseResidential0101_1_seamless_S.jpg */ = {isa = PBXFileReference; lastKnownFileType = image.jpeg; path = TexturesCom_HighRiseResidential0101_1_seamless_S.jpg; sourceTree = "<group>"; };
		83BD32222E34B32700852BFF /* TexturesCom_HighRiseResidential0197_2_seamless_S.jpg */ = {isa = PBXFileReference; lastKnownFileType = image.jpeg; path = TexturesCom_HighRiseResidential0197_2_seamless_S.jpg; sourceTree = "<group>"; };
		83BD32232E34B32700852BFF /* TexturesCom_HighRiseTowers0158_3_S.jpg */ = {isa = PBXFileReference; lastKnownFileType = image.jpeg; path = TexturesCom_HighRiseTowers0158_3_S.jpg; sourceTree = "<group>"; };
		83BD32242E34B32700852BFF /* TexturesCom_MetalPlatesBare0158_10_seamless_S.jpg */ = {isa = PBXFileReference; lastKnownFileType = image.jpeg; path = TexturesCom_MetalPlatesBare0158_10_seamless_S.jpg; sourceTree = "<group>"; };
		83BD32252E34B32700852BFF /* TexturesCom_Pavement_Weave_1K_roughness.tif */ = {isa = PBXFileReference; lastKnownFileType = image.tiff; path = TexturesCom_Pavement_Weave_1K_roughness.tif; sourceTree = "<group>"; };
		83BD32262E34B32700852BFF /* unnamed.jpg */ = {isa = PBXFileReference; lastKnownFileType = image.jpeg; path = unnamed.jpg; sourceTree = "<group>"; };
		83BD32272E34B32700852BFF /* unnamed (1).jpg */ = {isa = PBXFileReference; lastKnownFileType = image.jpeg; path = "unnamed (1).jpg"; sourceTree = "<group>"; };
		83BD32282E34B32700852BFF /* White bricks.png */ = {isa = PBXFileReference; lastKnownFileType = image.png; path = "White bricks.png"; sourceTree = "<group>"; };
		83BD322A2E34B32700852BFF /* images (20).jpg */ = {isa = PBXFileReference; lastKnownFileType = image.jpeg; name = "images (20).jpg"; path = "../96-uploads_files_2720101_textures-2/textures/images (20).jpg"; sourceTree = "<group>"; };
		83BD322B2E34B32700852BFF /* grass.jpg */ = {isa = PBXFileReference; lastKnownFileType = image.jpeg; name = grass.jpg; path = "../96-uploads_files_2720101_textures-2/textures/grass.jpg"; sourceTree = "<group>"; };
		83BD322C2E34B32700852BFF /* TexturesCom_HighRiseGlass0086_1_S.jpg */ = {isa = PBXFileReference; lastKnownFileType = image.jpeg; name = TexturesCom_HighRiseGlass0086_1_S.jpg; path = "../96-uploads_files_2720101_textures-2/textures/TexturesCom_HighRiseGlass0086_1_S.jpg"; sourceTree = "<group>"; };
		83BD322D2E34B32700852BFF /* White bricks.png */ = {isa = PBXFileReference; lastKnownFileType = image.png; name = "White bricks.png"; path = "../96-uploads_files_2720101_textures-2/textures/White bricks.png"; sourceTree = "<group>"; };
		83BD322E2E34B32700852BFF /* BuildingsHighRise0551_1_download600.jpg */ = {isa = PBXFileReference; lastKnownFileType = image.jpeg; name = BuildingsHighRise0551_1_download600.jpg; path = "../96-uploads_files_2720101_textures-2/textures/BuildingsHighRise0551_1_download600.jpg"; sourceTree = "<group>"; };
		83BD322F2E34B32700852BFF /* Building_texture9.jpg */ = {isa = PBXFileReference; lastKnownFileType = image.jpeg; name = Building_texture9.jpg; path = "../96-uploads_files_2720101_textures-2/textures/Building_texture9.jpg"; sourceTree = "<group>"; };
		83BD32302E34B32800852BFF /* TexturesCom_HighRiseGlass0101_3_seamless_S.jpg */ = {isa = PBXFileReference; lastKnownFileType = image.jpeg; name = TexturesCom_HighRiseGlass0101_3_seamless_S.jpg; path = "../96-uploads_files_2720101_textures-2/textures/TexturesCom_HighRiseGlass0101_3_seamless_S.jpg"; sourceTree = "<group>"; };
		83BD32312E34B32800852BFF /* Capture.PNG */ = {isa = PBXFileReference; lastKnownFileType = image.png; name = Capture.PNG; path = "../96-uploads_files_2720101_textures-2/textures/Capture.PNG"; sourceTree = "<group>"; };
		83BD32322E34B32800852BFF /* TexturesCom_HighRiseResidential0101_1_seamless_S.jpg */ = {isa = PBXFileReference; lastKnownFileType = image.jpeg; name = TexturesCom_HighRiseResidential0101_1_seamless_S.jpg; path = "../96-uploads_files_2720101_textures-2/textures/TexturesCom_HighRiseResidential0101_1_seamless_S.jpg"; sourceTree = "<group>"; };
		83BD32332E34B32800852BFF /* TexturesCom_BuildingsHighRise0624_2_seamless_S.jpg */ = {isa = PBXFileReference; lastKnownFileType = image.jpeg; name = TexturesCom_BuildingsHighRise0624_2_seamless_S.jpg; path = "../96-uploads_files_2720101_textures-2/textures/TexturesCom_BuildingsHighRise0624_2_seamless_S.jpg"; sourceTree = "<group>"; };
		83BD32342E34B32800852BFF /* TexturesCom_HighRiseGlass0104_3_seamless_S.jpg */ = {isa = PBXFileReference; lastKnownFileType = image.jpeg; name = TexturesCom_HighRiseGlass0104_3_seamless_S.jpg; path = "../96-uploads_files_2720101_textures-2/textures/TexturesCom_HighRiseGlass0104_3_seamless_S.jpg"; sourceTree = "<group>"; };
		83BD32352E34B32800852BFF /* TexturesCom_BuildingsHighRise0607_1_S.jpg */ = {isa = PBXFileReference; lastKnownFileType = image.jpeg; name = TexturesCom_BuildingsHighRise0607_1_S.jpg; path = "../96-uploads_files_2720101_textures-2/textures/TexturesCom_BuildingsHighRise0607_1_S.jpg"; sourceTree = "<group>"; };
		83BD32362E34B32800852BFF /* download (9).jpg */ = {isa = PBXFileReference; lastKnownFileType = image.jpeg; name = "download (9).jpg"; path = "../96-uploads_files_2720101_textures-2/textures/download (9).jpg"; sourceTree = "<group>"; };
		83BD32372E34B32800852BFF /* download (7).jpg */ = {isa = PBXFileReference; lastKnownFileType = image.jpeg; name = "download (7).jpg"; path = "../96-uploads_files_2720101_textures-2/textures/download (7).jpg"; sourceTree = "<group>"; };
		83BD32382E34B32800852BFF /* peopleColors.png */ = {isa = PBXFileReference; lastKnownFileType = image.png; name = peopleColors.png; path = "../96-uploads_files_2720101_textures-2/textures/peopleColors.png"; sourceTree = "<group>"; };
		83BD32392E34B32800852BFF /* Building_texture3.jpg */ = {isa = PBXFileReference; lastKnownFileType = image.jpeg; name = Building_texture3.jpg; path = "../96-uploads_files_2720101_textures-2/textures/Building_texture3.jpg"; sourceTree = "<group>"; };
		83BD323A2E34B32800852BFF /* download (8).jpg */ = {isa = PBXFileReference; lastKnownFileType = image.jpeg; name = "download (8).jpg"; path = "../96-uploads_files_2720101_textures-2/textures/download (8).jpg"; sourceTree = "<group>"; };
		83BD323B2E34B32800852BFF /* 6293fa4cad13168420de47380d0b0e36.jpg */ = {isa = PBXFileReference; lastKnownFileType = image.jpeg; name = 6293fa4cad13168420de47380d0b0e36.jpg; path = "../96-uploads_files_2720101_textures-2/textures/6293fa4cad13168420de47380d0b0e36.jpg"; sourceTree = "<group>"; };
		83BD323C2E34B32800852BFF /* TexturesCom_HighRiseGlass0053_1_seamless_S.jpg */ = {isa = PBXFileReference; lastKnownFileType = image.jpeg; name = TexturesCom_HighRiseGlass0053_1_seamless_S.jpg; path = "../96-uploads_files_2720101_textures-2/textures/TexturesCom_HighRiseGlass0053_1_seamless_S.jpg"; sourceTree = "<group>"; };
		83BD323D2E34B32800852BFF /* TexturesCom_MetalPlatesBare0158_10_seamless_S.jpg */ = {isa = PBXFileReference; lastKnownFileType = image.jpeg; name = TexturesCom_MetalPlatesBare0158_10_seamless_S.jpg; path = "../96-uploads_files_2720101_textures-2/textures/TexturesCom_MetalPlatesBare0158_10_seamless_S.jpg"; sourceTree = "<group>"; };
		83BD323E2E34B32800852BFF /* download.jpg */ = {isa = PBXFileReference; lastKnownFileType = image.jpeg; name = download.jpg; path = "../96-uploads_files_2720101_textures-2/textures/download.jpg"; sourceTree = "<group>"; };
		83BD323F2E34B32900852BFF /* download4.jpg */ = {isa = PBXFileReference; lastKnownFileType = image.jpeg; name = download4.jpg; path = "../96-uploads_files_2720101_textures-2/textures/download4.jpg"; sourceTree = "<group>"; };
		83BD32402E34B32900852BFF /* Building_texture5.jpg */ = {isa = PBXFileReference; lastKnownFileType = image.jpeg; name = Building_texture5.jpg; path = "../96-uploads_files_2720101_textures-2/textures/Building_texture5.jpg"; sourceTree = "<group>"; };
		83BD32412E34B32900852BFF /* roof3.jpg */ = {isa = PBXFileReference; lastKnownFileType = image.jpeg; name = roof3.jpg; path = "../96-uploads_files_2720101_textures-2/textures/roof3.jpg"; sourceTree = "<group>"; };
		83BD32422E34B32900852BFF /* BuildingsHighRise0558_download600.jpg */ = {isa = PBXFileReference; lastKnownFileType = image.jpeg; name = BuildingsHighRise0558_download600.jpg; path = "../96-uploads_files_2720101_textures-2/textures/BuildingsHighRise0558_download600.jpg"; sourceTree = "<group>"; };
		83BD32432E34B32900852BFF /* Facade001_2K-JPG.zip */ = {isa = PBXFileReference; lastKnownFileType = archive.zip; name = "Facade001_2K-JPG.zip"; path = "../96-uploads_files_2720101_textures-2/textures/Facade001_2K-JPG.zip"; sourceTree = "<group>"; };
		83BD32442E34B32900852BFF /* images (12).jpg */ = {isa = PBXFileReference; lastKnownFileType = image.jpeg; name = "images (12).jpg"; path = "../96-uploads_files_2720101_textures-2/textures/images (12).jpg"; sourceTree = "<group>"; };
		83BD32452E34B32900852BFF /* images (6).jpg */ = {isa = PBXFileReference; lastKnownFileType = image.jpeg; name = "images (6).jpg"; path = "../96-uploads_files_2720101_textures-2/textures/images (6).jpg"; sourceTree = "<group>"; };
		83BD32462E34B32900852BFF /* aerial_grass_rock_ao_1k.jpg */ = {isa = PBXFileReference; lastKnownFileType = image.jpeg; path = aerial_grass_rock_ao_1k.jpg; sourceTree = "<group>"; };
		83BD32472E34B32900852BFF /* aerial_grass_rock_diff_1k.jpg */ = {isa = PBXFileReference; lastKnownFileType = image.jpeg; path = aerial_grass_rock_diff_1k.jpg; sourceTree = "<group>"; };
		83BD32482E34B32900852BFF /* aerial_grass_rock_disp_1k.jpg */ = {isa = PBXFileReference; lastKnownFileType = image.jpeg; path = aerial_grass_rock_disp_1k.jpg; sourceTree = "<group>"; };
		83BD32492E34B32900852BFF /* aerial_grass_rock_nor_1k.jpg */ = {isa = PBXFileReference; lastKnownFileType = image.jpeg; path = aerial_grass_rock_nor_1k.jpg; sourceTree = "<group>"; };
		83BD324A2E34B32900852BFF /* aerial_grass_rock_rough_1k.jpg */ = {isa = PBXFileReference; lastKnownFileType = image.jpeg; path = aerial_grass_rock_rough_1k.jpg; sourceTree = "<group>"; };
		83BD324B2E34B32900852BFF /* aerial_grass_rock_rough_ao_1k.jpg */ = {isa = PBXFileReference; lastKnownFileType = image.jpeg; path = aerial_grass_rock_rough_ao_1k.jpg; sourceTree = "<group>"; };
		83BD324D2E34B32900852BFF /* TexturesCom_HighRiseResidential0098_1_seamless_S.jpg */ = {isa = PBXFileReference; lastKnownFileType = image.jpeg; name = TexturesCom_HighRiseResidential0098_1_seamless_S.jpg; path = "../96-uploads_files_2720101_textures-2/textures/TexturesCom_HighRiseResidential0098_1_seamless_S.jpg"; sourceTree = "<group>"; };
		83BD324E2E34B32900852BFF /* f13bf40efcab60e4cdabd13d4c81856a.jpg */ = {isa = PBXFileReference; lastKnownFileType = image.jpeg; name = f13bf40efcab60e4cdabd13d4c81856a.jpg; path = "../96-uploads_files_2720101_textures-2/textures/f13bf40efcab60e4cdabd13d4c81856a.jpg"; sourceTree = "<group>"; };
		83BD324F2E34B32900852BFF /* TexturesCom_BuildingsHighRise0625_2_seamless_S.jpg */ = {isa = PBXFileReference; lastKnownFileType = image.jpeg; name = TexturesCom_BuildingsHighRise0625_2_seamless_S.jpg; path = "../96-uploads_files_2720101_textures-2/textures/TexturesCom_BuildingsHighRise0625_2_seamless_S.jpg"; sourceTree = "<group>"; };
		83BD32502E34B32900852BFF /* Building_texture10.jpg */ = {isa = PBXFileReference; lastKnownFileType = image.jpeg; name = Building_texture10.jpg; path = "../96-uploads_files_2720101_textures-2/textures/Building_texture10.jpg"; sourceTree = "<group>"; };
		83BD32512E34B32900852BFF /* TexturesCom_HighRiseGlass0056_1_seamless_S.jpg */ = {isa = PBXFileReference; lastKnownFileType = image.jpeg; name = TexturesCom_HighRiseGlass0056_1_seamless_S.jpg; path = "../96-uploads_files_2720101_textures-2/textures/TexturesCom_HighRiseGlass0056_1_seamless_S.jpg"; sourceTree = "<group>"; };
		83BD32522E34B32900852BFF /* images (11).jpg */ = {isa = PBXFileReference; lastKnownFileType = image.jpeg; name = "images (11).jpg"; path = "../96-uploads_files_2720101_textures-2/textures/images (11).jpg"; sourceTree = "<group>"; };
		83BD32532E34B32A00852BFF /* TexturesCom_HighRiseGlass0091_1_seamless_S.jpg */ = {isa = PBXFileReference; lastKnownFileType = image.jpeg; name = TexturesCom_HighRiseGlass0091_1_seamless_S.jpg; path = "../96-uploads_files_2720101_textures-2/textures/TexturesCom_HighRiseGlass0091_1_seamless_S.jpg"; sourceTree = "<group>"; };
		83BD32542E34B32A00852BFF /* images (17).jpg */ = {isa = PBXFileReference; lastKnownFileType = image.jpeg; name = "images (17).jpg"; path = "../96-uploads_files_2720101_textures-2/textures/images (17).jpg"; sourceTree = "<group>"; };
		A814ADCA263BA555B663A0B6 /* Shaders.metal */ = {isa = PBXFileReference; lastKnownFileType = sourcecode.metal; path = Shaders.metal; sourceTree = "<group>"; };
		B2E9D3BCC5903C328339688C /* MetalCityscape.app */ = {isa = PBXFileReference; explicitFileType = wrapper.application; includeInIndex = 0; path = MetalCityscape.app; sourceTree = BUILT_PRODUCTS_DIR; };
		B5F72BBD699E439042F2034B /* Renderer.swift */ = {isa = PBXFileReference; lastKnownFileType = sourcecode.swift; path = Renderer.swift; sourceTree = "<group>"; };
/* End PBXFileReference section */

/* Begin PBXGroup section */
		0E766A251D23FA3BE4B21278 /* Shaders */ = {
			isa = PBXGroup;
			children = (
				A814ADCA263BA555B663A0B6 /* Shaders.metal */,
			);
			path = Shaders;
			sourceTree = "<group>";
		};
		416F0DD90D273462C05DF719 /* Sources */ = {
			isa = PBXGroup;
			children = (
				3FB4672D0410D113B4FE4A53 /* AppDelegate.swift */,
				583638560CE5883C29B59410 /* MatrixUtilities.swift */,
				B5F72BBD699E439042F2034B /* Renderer.swift */,
				26FC3F1885C86C7532853235 /* ViewController.swift */,
			);
			path = Sources;
			sourceTree = "<group>";
		};
		490F03C719FF14C60903DD1B /* Products */ = {
			isa = PBXGroup;
			children = (
				B2E9D3BCC5903C328339688C /* MetalCityscape.app */,
			);
			name = Products;
			sourceTree = "<group>";
		};
		83BD31742E34B32400852BFF /* Facade001_2K-JPG */ = {
			isa = PBXGroup;
			children = (
				83BD316F2E34B32400852BFF /* Facade001_2K_Color.jpg */,
				83BD31702E34B32400852BFF /* Facade001_2K_Displacement.jpg */,
				83BD31712E34B32400852BFF /* Facade001_2K_Metalness.jpg */,
				83BD31722E34B32400852BFF /* Facade001_2K_Normal.jpg */,
				83BD31732E34B32400852BFF /* Facade001_2K_Roughness.jpg */,
			);
			name = "Facade001_2K-JPG";
			path = "../96-uploads_files_2720101_textures-2/textures/Facade001_2K-JPG";
			sourceTree = "<group>";
		};
		83BD31962E34B32600852BFF /* Facade006_2K-JPG */ = {
			isa = PBXGroup;
			children = (
				83BD31912E34B32600852BFF /* Facade006_2K_Color.jpg */,
				83BD31922E34B32600852BFF /* Facade006_2K_Displacement.jpg */,
				83BD31932E34B32600852BFF /* Facade006_2K_Metalness.jpg */,
				83BD31942E34B32600852BFF /* Facade006_2K_Normal.jpg */,
				83BD31952E34B32600852BFF /* Facade006_2K_Roughness.jpg */,
			);
			name = "Facade006_2K-JPG";
			path = "../96-uploads_files_2720101_textures-2/textures/Facade006_2K-JPG";
			sourceTree = "<group>";
		};
		83BD31B22E34B32700852BFF /* aerial_grass_rock_1k_jpg */ = {
			isa = PBXGroup;
			children = (
				83BD31AC2E34B32700852BFF /* aerial_grass_rock_ao_1k.jpg */,
				83BD31AD2E34B32700852BFF /* aerial_grass_rock_diff_1k.jpg */,
				83BD31AE2E34B32700852BFF /* aerial_grass_rock_disp_1k.jpg */,
				83BD31AF2E34B32700852BFF /* aerial_grass_rock_nor_1k.jpg */,
				83BD31B02E34B32700852BFF /* aerial_grass_rock_rough_1k.jpg */,
				83BD31B12E34B32700852BFF /* aerial_grass_rock_rough_ao_1k.jpg */,
			);
			path = aerial_grass_rock_1k_jpg;
			sourceTree = "<group>";
		};
		83BD31B82E34B32700852BFF /* Facade001_2K-JPG */ = {
			isa = PBXGroup;
			children = (
				83BD31B32E34B32700852BFF /* Facade001_2K_Color.jpg */,
				83BD31B42E34B32700852BFF /* Facade001_2K_Displacement.jpg */,
				83BD31B52E34B32700852BFF /* Facade001_2K_Metalness.jpg */,
				83BD31B62E34B32700852BFF /* Facade001_2K_Normal.jpg */,
				83BD31B72E34B32700852BFF /* Facade001_2K_Roughness.jpg */,
			);
			path = "Facade001_2K-JPG";
			sourceTree = "<group>";
		};
		83BD31BE2E34B32700852BFF /* Facade006_2K-JPG */ = {
			isa = PBXGroup;
			children = (
				83BD31B92E34B32700852BFF /* Facade006_2K_Color.jpg */,
				83BD31BA2E34B32700852BFF /* Facade006_2K_Displacement.jpg */,
				83BD31BB2E34B32700852BFF /* Facade006_2K_Metalness.jpg */,
				83BD31BC2E34B32700852BFF /* Facade006_2K_Normal.jpg */,
				83BD31BD2E34B32700852BFF /* Facade006_2K_Roughness.jpg */,
			);
			path = "Facade006_2K-JPG";
			sourceTree = "<group>";
		};
		83BD32292E34B32700852BFF /* textures */ = {
			isa = PBXGroup;
			children = (
				83BD31B22E34B32700852BFF /* aerial_grass_rock_1k_jpg */,
				83BD31B82E34B32700852BFF /* Facade001_2K-JPG */,
				83BD31BE2E34B32700852BFF /* Facade006_2K-JPG */,
				83BD31BF2E34B32700852BFF /* 8a635e6585d4ceacba00ec627996cdaa.jpg */,
				83BD31C02E34B32700852BFF /* 6293fa4cad13168420de47380d0b0e36.jpg */,
				83BD31C12E34B32700852BFF /* 4880219806629888.jpg */,
				83BD31C22E34B32700852BFF /* aerial_grass_rock_1k_jpg.zip */,
				83BD31C32E34B32700852BFF /* aerial_grass_rock_ao_1k.jpg */,
				83BD31C42E34B32700852BFF /* aerial_grass_rock_diff_1k.jpg */,
				83BD31C52E34B32700852BFF /* Building_texture3.jpg */,
				83BD31C62E34B32700852BFF /* Building_texture5.jpg */,
				83BD31C72E34B32700852BFF /* Building_texture6.jpg */,
				83BD31C82E34B32700852BFF /* Building_texture8.jpg */,
				83BD31C92E34B32700852BFF /* Building_texture9.jpg */,
				83BD31CA2E34B32700852BFF /* Building_texture10.jpg */,
				83BD31CB2E34B32700852BFF /* BuildingsHighRise0551_1_download600.jpg */,
				83BD31CC2E34B32700852BFF /* BuildingsHighRise0558_download600.jpg */,
				83BD31CD2E34B32700852BFF /* Capture.PNG */,
				83BD31CE2E34B32700852BFF /* dark table wood.PNG */,
				83BD31CF2E34B32700852BFF /* download.jpg */,
				83BD31D02E34B32700852BFF /* download (1).jpg */,
				83BD31D12E34B32700852BFF /* download (2).jpg */,
				83BD31D22E34B32700852BFF /* download (3).jpg */,
				83BD31D32E34B32700852BFF /* download (4).jpg */,
				83BD31D42E34B32700852BFF /* download (5).jpg */,
				83BD31D52E34B32700852BFF /* download (6).jpg */,
				83BD31D62E34B32700852BFF /* download (7).jpg */,
				83BD31D72E34B32700852BFF /* download (8).jpg */,
				83BD31D82E34B32700852BFF /* download (9).jpg */,
				83BD31D92E34B32700852BFF /* download (10).jpg */,
				83BD31DA2E34B32700852BFF /* download (11).jpg */,
				83BD31DB2E34B32700852BFF /* download4.jpg */,
				83BD31DC2E34B32700852BFF /* ea2874c813cd1d48138d045f6ca43c7b.jpg */,
				83BD31DD2E34B32700852BFF /* f13bf40efcab60e4cdabd13d4c81856a.jpg */,
				83BD31DE2E34B32700852BFF /* Facade001_2K_Color.jpg */,
				83BD31DF2E34B32700852BFF /* Facade001_2K-JPG.zip */,
				83BD31E02E34B32700852BFF /* Facade006_2K_Color.jpg */,
				83BD31E12E34B32700852BFF /* Facade006_2K-JPG.zip */,
				83BD31E22E34B32700852BFF /* grass.jpg */,
				83BD31E32E34B32700852BFF /* HighRiseGlass0048_1_download600.jpg */,
				83BD31E42E34B32700852BFF /* HighRiseResidential0062_1_download600.jpg */,
				83BD31E52E34B32700852BFF /* HighRiseResidential0062_2_download600.jpg */,
				83BD31E62E34B32700852BFF /* images.jpg */,
				83BD31E72E34B32700852BFF /* images (1).jpg */,
				83BD31E82E34B32700852BFF /* images (2).jpg */,
				83BD31E92E34B32700852BFF /* images (3).jpg */,
				83BD31EA2E34B32700852BFF /* images (4).jpg */,
				83BD31EB2E34B32700852BFF /* images (5).jpg */,
				83BD31EC2E34B32700852BFF /* images (6).jpg */,
				83BD31ED2E34B32700852BFF /* images (7).jpg */,
				83BD31EE2E34B32700852BFF /* images (8).jpg */,
				83BD31EF2E34B32700852BFF /* images (9).jpg */,
				83BD31F02E34B32700852BFF /* images (10).jpg */,
				83BD31F12E34B32700852BFF /* images (11).jpg */,
				83BD31F22E34B32700852BFF /* images (12).jpg */,
				83BD31F32E34B32700852BFF /* images (13).jpg */,
				83BD31F42E34B32700852BFF /* images (14).jpg */,
				83BD31F52E34B32700852BFF /* images (15).jpg */,
				83BD31F62E34B32700852BFF /* images (16).jpg */,
				83BD31F72E34B32700852BFF /* images (17).jpg */,
				83BD31F82E34B32700852BFF /* images (18).jpg */,
				83BD31F92E34B32700852BFF /* images (19).jpg */,
				83BD31FA2E34B32700852BFF /* images (20).jpg */,
				83BD31FB2E34B32700852BFF /* images (21).jpg */,
				83BD31FC2E34B32700852BFF /* images (22).jpg */,
				83BD31FD2E34B32700852BFF /* images (23).jpg */,
				83BD31FE2E34B32700852BFF /* images (24).jpg */,
				83BD31FF2E34B32700852BFF /* images (25).jpg */,
				83BD32002E34B32700852BFF /* images (26).jpg */,
				83BD32012E34B32700852BFF /* images (27).jpg */,
				83BD32022E34B32700852BFF /* militarytexture.jpg */,
				83BD32032E34B32700852BFF /* peopleColors.png */,
				83BD32042E34B32700852BFF /* road.jpg */,
				83BD32052E34B32700852BFF /* roo4.jpg */,
				83BD32062E34B32700852BFF /* roof 1.webp */,
				83BD32072E34B32700852BFF /* roof 2.jpg */,
				83BD32082E34B32700852BFF /* roof3.jpg */,
				83BD32092E34B32700852BFF /* roof5.jpg */,
				83BD320A2E34B32700852BFF /* roof6.jpg */,
				83BD320B2E34B32700852BFF /* texture 1.jpg */,
				83BD320C2E34B32700852BFF /* TexturesCom_BuildingsHighRise0497_1_seamless_S.jpg */,
				83BD320D2E34B32700852BFF /* TexturesCom_BuildingsHighRise0560_1_S.jpg */,
				83BD320E2E34B32700852BFF /* TexturesCom_BuildingsHighRise0564_1_S.jpg */,
				83BD320F2E34B32700852BFF /* TexturesCom_BuildingsHighRise0607_1_S.jpg */,
				83BD32102E34B32700852BFF /* TexturesCom_BuildingsHighRise0624_2_seamless_S.jpg */,
				83BD32112E34B32700852BFF /* TexturesCom_BuildingsHighRise0625_2_seamless_S.jpg */,
				83BD32122E34B32700852BFF /* TexturesCom_BuildingsHighRise0634_5_seamless_S.jpg */,
				83BD32132E34B32700852BFF /* TexturesCom_BuildingsHighRise0639_5_seamless_S.jpg */,
				83BD32142E34B32700852BFF /* TexturesCom_ConcreteSidewalk_2x2_1K_albedo.tif */,
				83BD32152E34B32700852BFF /* TexturesCom_Fabric_Camouflage_512_albedo.tif */,
				83BD32162E34B32700852BFF /* TexturesCom_HighRiseGlass0031_1_seamless_S.jpg */,
				83BD32172E34B32700852BFF /* TexturesCom_HighRiseGlass0048_1_seamless_S.jpg */,
				83BD32182E34B32700852BFF /* TexturesCom_HighRiseGlass0053_1_seamless_S.jpg */,
				83BD32192E34B32700852BFF /* TexturesCom_HighRiseGlass0056_1_seamless_S.jpg */,
				83BD321A2E34B32700852BFF /* TexturesCom_HighRiseGlass0082_1_S.jpg */,
				83BD321B2E34B32700852BFF /* TexturesCom_HighRiseGlass0086_1_S.jpg */,
				83BD321C2E34B32700852BFF /* TexturesCom_HighRiseGlass0091_1_seamless_S.jpg */,
				83BD321D2E34B32700852BFF /* TexturesCom_HighRiseGlass0101_3_seamless_S.jpg */,
				83BD321E2E34B32700852BFF /* TexturesCom_HighRiseGlass0104_3_seamless_S.jpg */,
				83BD321F2E34B32700852BFF /* TexturesCom_HighRiseGlass0110_4_seamless_S.jpg */,
				83BD32202E34B32700852BFF /* TexturesCom_HighRiseResidential0098_1_seamless_S.jpg */,
				83BD32212E34B32700852BFF /* TexturesCom_HighRiseResidential0101_1_seamless_S.jpg */,
				83BD32222E34B32700852BFF /* TexturesCom_HighRiseResidential0197_2_seamless_S.jpg */,
				83BD32232E34B32700852BFF /* TexturesCom_HighRiseTowers0158_3_S.jpg */,
				83BD32242E34B32700852BFF /* TexturesCom_MetalPlatesBare0158_10_seamless_S.jpg */,
				83BD32252E34B32700852BFF /* TexturesCom_Pavement_Weave_1K_roughness.tif */,
				83BD32262E34B32700852BFF /* unnamed.jpg */,
				83BD32272E34B32700852BFF /* unnamed (1).jpg */,
				83BD32282E34B32700852BFF /* White bricks.png */,
			);
			name = textures;
			path = "../96-uploads_files_2720101_textures-2/textures";
			sourceTree = "<group>";
		};
		83BD324C2E34B32900852BFF /* aerial_grass_rock_1k_jpg */ = {
			isa = PBXGroup;
			children = (
				83BD32462E34B32900852BFF /* aerial_grass_rock_ao_1k.jpg */,
				83BD32472E34B32900852BFF /* aerial_grass_rock_diff_1k.jpg */,
				83BD32482E34B32900852BFF /* aerial_grass_rock_disp_1k.jpg */,
				83BD32492E34B32900852BFF /* aerial_grass_rock_nor_1k.jpg */,
				83BD324A2E34B32900852BFF /* aerial_grass_rock_rough_1k.jpg */,
				83BD324B2E34B32900852BFF /* aerial_grass_rock_rough_ao_1k.jpg */,
			);
			name = aerial_grass_rock_1k_jpg;
			path = "../96-uploads_files_2720101_textures-2/textures/aerial_grass_rock_1k_jpg";
			sourceTree = "<group>";
		};
		8FBBBFA13EC838B8C7C7636D = {
			isa = PBXGroup;
			children = (
				83BD31642E34B32400852BFF /* 8a635e6585d4ceacba00ec627996cdaa.jpg */,
				83BD323B2E34B32800852BFF /* 6293fa4cad13168420de47380d0b0e36.jpg */,
				83BD31602E34B32400852BFF /* 4880219806629888.jpg */,
				83BD324C2E34B32900852BFF /* aerial_grass_rock_1k_jpg */,
				83BD318C2E34B32600852BFF /* aerial_grass_rock_1k_jpg.zip */,
				83BD317A2E34B32500852BFF /* aerial_grass_rock_ao_1k.jpg */,
				83BD315E2E34B32300852BFF /* aerial_grass_rock_diff_1k.jpg */,
				83BD32392E34B32800852BFF /* Building_texture3.jpg */,
				83BD32402E34B32900852BFF /* Building_texture5.jpg */,
				83BD318F2E34B32600852BFF /* Building_texture6.jpg */,
				83BD316E2E34B32400852BFF /* Building_texture8.jpg */,
				83BD322F2E34B32700852BFF /* Building_texture9.jpg */,
				83BD32502E34B32900852BFF /* Building_texture10.jpg */,
				83BD322E2E34B32700852BFF /* BuildingsHighRise0551_1_download600.jpg */,
				83BD32422E34B32900852BFF /* BuildingsHighRise0558_download600.jpg */,
				83BD32312E34B32800852BFF /* Capture.PNG */,
				83BD315D2E34B32300852BFF /* dark table wood.PNG */,
				83BD323E2E34B32800852BFF /* download.jpg */,
				83BD315A2E34B32300852BFF /* download (1).jpg */,
				83BD316A2E34B32400852BFF /* download (2).jpg */,
				83BD31892E34B32500852BFF /* download (3).jpg */,
				83BD319F2E34B32600852BFF /* download (4).jpg */,
				83BD318E2E34B32600852BFF /* download (5).jpg */,
				83BD31612E34B32400852BFF /* download (6).jpg */,
				83BD32372E34B32800852BFF /* download (7).jpg */,
				83BD323A2E34B32800852BFF /* download (8).jpg */,
				83BD32362E34B32800852BFF /* download (9).jpg */,
				83BD31752E34B32400852BFF /* download (10).jpg */,
				83BD31A12E34B32600852BFF /* download (11).jpg */,
				83BD323F2E34B32900852BFF /* download4.jpg */,
				83BD31812E34B32500852BFF /* ea2874c813cd1d48138d045f6ca43c7b.jpg */,
				83BD324E2E34B32900852BFF /* f13bf40efcab60e4cdabd13d4c81856a.jpg */,
				83BD31692E34B32400852BFF /* Facade001_2K_Color.jpg */,
				83BD31742E34B32400852BFF /* Facade001_2K-JPG */,
				83BD32432E34B32900852BFF /* Facade001_2K-JPG.zip */,
				83BD31662E34B32400852BFF /* Facade006_2K_Color.jpg */,
				83BD31962E34B32600852BFF /* Facade006_2K-JPG */,
				83BD31A22E34B32600852BFF /* Facade006_2K-JPG.zip */,
				83BD322B2E34B32700852BFF /* grass.jpg */,
				83BD31A62E34B32700852BFF /* HighRiseGlass0048_1_download600.jpg */,
				83BD31842E34B32500852BFF /* HighRiseResidential0062_1_download600.jpg */,
				83BD317D2E34B32500852BFF /* HighRiseResidential0062_2_download600.jpg */,
				83BD31AA2E34B32700852BFF /* images.jpg */,
				83BD31762E34B32400852BFF /* images (1).jpg */,
				83BD319B2E34B32600852BFF /* images (2).jpg */,
				83BD318D2E34B32600852BFF /* images (3).jpg */,
				83BD31A92E34B32700852BFF /* images (4).jpg */,
				83BD31A02E34B32600852BFF /* images (5).jpg */,
				83BD32452E34B32900852BFF /* images (6).jpg */,
				83BD31832E34B32500852BFF /* images (7).jpg */,
				83BD31672E34B32400852BFF /* images (8).jpg */,
				83BD317C2E34B32500852BFF /* images (9).jpg */,
				83BD318A2E34B32500852BFF /* images (10).jpg */,
				83BD32522E34B32900852BFF /* images (11).jpg */,
				83BD32442E34B32900852BFF /* images (12).jpg */,
				83BD316D2E34B32400852BFF /* images (13).jpg */,
				83BD31632E34B32400852BFF /* images (14).jpg */,
				83BD319E2E34B32600852BFF /* images (15).jpg */,
				83BD31A32E34B32700852BFF /* images (16).jpg */,
				83BD32542E34B32A00852BFF /* images (17).jpg */,
				83BD317F2E34B32500852BFF /* images (18).jpg */,
				83BD319A2E34B32600852BFF /* images (19).jpg */,
				83BD322A2E34B32700852BFF /* images (20).jpg */,
				83BD31682E34B32400852BFF /* images (21).jpg */,
				83BD31AB2E34B32700852BFF /* images (22).jpg */,
				83BD31652E34B32400852BFF /* images (23).jpg */,
				83BD31622E34B32400852BFF /* images (24).jpg */,
				83BD317E2E34B32500852BFF /* images (25).jpg */,
				83BD31A52E34B32700852BFF /* images (26).jpg */,
				83BD31792E34B32500852BFF /* images (27).jpg */,
				83BD31A72E34B32700852BFF /* militarytexture.jpg */,
				83BD32382E34B32800852BFF /* peopleColors.png */,
				83BD31982E34B32600852BFF /* road.jpg */,
				83BD31992E34B32600852BFF /* roo4.jpg */,
				83BD316C2E34B32400852BFF /* roof 1.webp */,
				83BD315C2E34B32300852BFF /* roof 2.jpg */,
				83BD32412E34B32900852BFF /* roof3.jpg */,
				83BD319C2E34B32600852BFF /* roof5.jpg */,
				83BD316B2E34B32400852BFF /* roof6.jpg */,
				83BD318B2E34B32600852BFF /* texture 1.jpg */,
				83BD32292E34B32700852BFF /* textures */,
				83BD31902E34B32600852BFF /* TexturesCom_BuildingsHighRise0497_1_seamless_S.jpg */,
				83BD315B2E34B32300852BFF /* TexturesCom_BuildingsHighRise0560_1_S.jpg */,
				83BD31A42E34B32700852BFF /* TexturesCom_BuildingsHighRise0564_1_S.jpg */,
				83BD32352E34B32800852BFF /* TexturesCom_BuildingsHighRise0607_1_S.jpg */,
				83BD32332E34B32800852BFF /* TexturesCom_BuildingsHighRise0624_2_seamless_S.jpg */,
				83BD324F2E34B32900852BFF /* TexturesCom_BuildingsHighRise0625_2_seamless_S.jpg */,
				83BD315F2E34B32300852BFF /* TexturesCom_BuildingsHighRise0634_5_seamless_S.jpg */,
				83BD31972E34B32600852BFF /* TexturesCom_BuildingsHighRise0639_5_seamless_S.jpg */,
				83BD31782E34B32500852BFF /* TexturesCom_ConcreteSidewalk_2x2_1K_albedo.tif */,
				83BD31872E34B32500852BFF /* TexturesCom_Fabric_Camouflage_512_albedo.tif */,
				83BD319D2E34B32600852BFF /* TexturesCom_HighRiseGlass0031_1_seamless_S.jpg */,
				83BD31A82E34B32700852BFF /* TexturesCom_HighRiseGlass0048_1_seamless_S.jpg */,
				83BD323C2E34B32800852BFF /* TexturesCom_HighRiseGlass0053_1_seamless_S.jpg */,
				83BD32512E34B32900852BFF /* TexturesCom_HighRiseGlass0056_1_seamless_S.jpg */,
				83BD317B2E34B32500852BFF /* TexturesCom_HighRiseGlass0082_1_S.jpg */,
				83BD322C2E34B32700852BFF /* TexturesCom_HighRiseGlass0086_1_S.jpg */,
				83BD32532E34B32A00852BFF /* TexturesCom_HighRiseGlass0091_1_seamless_S.jpg */,
				83BD32302E34B32800852BFF /* TexturesCom_HighRiseGlass0101_3_seamless_S.jpg */,
				83BD32342E34B32800852BFF /* TexturesCom_HighRiseGlass0104_3_seamless_S.jpg */,
				83BD31772E34B32400852BFF /* TexturesCom_HighRiseGlass0110_4_seamless_S.jpg */,
				83BD324D2E34B32900852BFF /* TexturesCom_HighRiseResidential0098_1_seamless_S.jpg */,
				83BD32322E34B32800852BFF /* TexturesCom_HighRiseResidential0101_1_seamless_S.jpg */,
				83BD31822E34B32500852BFF /* TexturesCom_HighRiseResidential0197_2_seamless_S.jpg */,
				83BD31802E34B32500852BFF /* TexturesCom_HighRiseTowers0158_3_S.jpg */,
				83BD323D2E34B32800852BFF /* TexturesCom_MetalPlatesBare0158_10_seamless_S.jpg */,
				83BD31852E34B32500852BFF /* TexturesCom_Pavement_Weave_1K_roughness.tif */,
				83BD31862E34B32500852BFF /* unnamed.jpg */,
				83BD31882E34B32500852BFF /* unnamed (1).jpg */,
				83BD322D2E34B32700852BFF /* White bricks.png */,
				83BD31582E34B30F00852BFF /* uploads_files_2720101_BusGameMap.obj */,
				4E818BA52F80EAA6A50EDB93 /* Main.storyboard */,
				0E766A251D23FA3BE4B21278 /* Shaders */,
				416F0DD90D273462C05DF719 /* Sources */,
				490F03C719FF14C60903DD1B /* Products */,
			);
			sourceTree = "<group>";
		};
/* End PBXGroup section */

/* Begin PBXNativeTarget section */
		717DC983873A67B4291EF01C /* MetalCityscape */ = {
			isa = PBXNativeTarget;
			buildConfigurationList = B702C015B31342F705E0853F /* Build configuration list for PBXNativeTarget "MetalCityscape" */;
			buildPhases = (
				C99312C897DD08C2D8F43F05 /* Sources */,
				788B575B7873CA24882B64C0 /* Resources */,
			);
			buildRules = (
			);
			dependencies = (
			);
			name = MetalCityscape;
			packageProductDependencies = (
			);
			productName = MetalCityscape;
			productReference = B2E9D3BCC5903C328339688C /* MetalCityscape.app */;
			productType = "com.apple.product-type.application";
		};
/* End PBXNativeTarget section */

/* Begin PBXProject section */
		0CF8099236F569582A28BD07 /* Project object */ = {
			isa = PBXProject;
			attributes = {
				BuildIndependentTargetsInParallel = YES;
				LastUpgradeCheck = 1430;
				TargetAttributes = {
					717DC983873A67B4291EF01C = {
						ProvisioningStyle = Automatic;
					};
				};
			};
			buildConfigurationList = 8AE0D4B95EA4C0E77D988D74 /* Build configuration list for PBXProject "MetalCityscape" */;
			compatibilityVersion = "Xcode 14.0";
			developmentRegion = en;
			hasScannedForEncodings = 0;
			knownRegions = (
				Base,
				en,
			);
			mainGroup = 8FBBBFA13EC838B8C7C7636D;
			minimizedProjectReferenceProxies = 1;
			projectDirPath = "";
			projectRoot = "";
			targets = (
				717DC983873A67B4291EF01C /* MetalCityscape */,
			);
		};
/* End PBXProject section */

/* Begin PBXResourcesBuildPhase section */
		788B575B7873CA24882B64C0 /* Resources */ = {
			isa = PBXResourcesBuildPhase;
			buildActionMask = 2147483647;
			files = (
				2D8074EC4B7944408E128466 /* Main.storyboard in Resources */,
				83BD31592E34B30F00852BFF /* uploads_files_2720101_BusGameMap.obj in Resources */,
			);
			runOnlyForDeploymentPostprocessing = 0;
		};
/* End PBXResourcesBuildPhase section */

/* Begin PBXSourcesBuildPhase section */
		C99312C897DD08C2D8F43F05 /* Sources */ = {
			isa = PBXSourcesBuildPhase;
			buildActionMask = 2147483647;
			files = (
				B651B1C3DA5ED21810698216 /* AppDelegate.swift in Sources */,
				58AB59A24C26BC9F5C6835CB /* MatrixUtilities.swift in Sources */,
				8188C7E7593DCAC45BE24617 /* Renderer.swift in Sources */,
				85D1209D8AF2034AAE69AE5C /* Shaders.metal in Sources */,
				AFCB6BE423A5531C2F83115F /* ViewController.swift in Sources */,
			);
			runOnlyForDeploymentPostprocessing = 0;
		};
/* End PBXSourcesBuildPhase section */

/* Begin XCBuildConfiguration section */
		0A7E1321CB2EDB5252D169E0 /* Release */ = {
			isa = XCBuildConfiguration;
			buildSettings = {
				ALWAYS_SEARCH_USER_PATHS = NO;
				CLANG_ANALYZER_NONNULL = YES;
				CLANG_ANALYZER_NUMBER_OBJECT_CONVERSION = YES_AGGRESSIVE;
				CLANG_CXX_LANGUAGE_STANDARD = "gnu++14";
				CLANG_CXX_LIBRARY = "libc++";
				CLANG_ENABLE_MODULES = YES;
				CLANG_ENABLE_OBJC_ARC = YES;
				CLANG_ENABLE_OBJC_WEAK = YES;
				CLANG_WARN_BLOCK_CAPTURE_AUTORELEASING = YES;
				CLANG_WARN_BOOL_CONVERSION = YES;
				CLANG_WARN_COMMA = YES;
				CLANG_WARN_CONSTANT_CONVERSION = YES;
				CLANG_WARN_DEPRECATED_OBJC_IMPLEMENTATIONS = YES;
				CLANG_WARN_DIRECT_OBJC_ISA_USAGE = YES_ERROR;
				CLANG_WARN_DOCUMENTATION_COMMENTS = YES;
				CLANG_WARN_EMPTY_BODY = YES;
				CLANG_WARN_ENUM_CONVERSION = YES;
				CLANG_WARN_INFINITE_RECURSION = YES;
				CLANG_WARN_INT_CONVERSION = YES;
				CLANG_WARN_NON_LITERAL_NULL_CONVERSION = YES;
				CLANG_WARN_OBJC_IMPLICIT_RETAIN_SELF = YES;
				CLANG_WARN_OBJC_LITERAL_CONVERSION = YES;
				CLANG_WARN_OBJC_ROOT_CLASS = YES_ERROR;
				CLANG_WARN_QUOTED_INCLUDE_IN_FRAMEWORK_HEADER = YES;
				CLANG_WARN_RANGE_LOOP_ANALYSIS = YES;
				CLANG_WARN_STRICT_PROTOTYPES = YES;
				CLANG_WARN_SUSPICIOUS_MOVE = YES;
				CLANG_WARN_UNGUARDED_AVAILABILITY = YES_AGGRESSIVE;
				CLANG_WARN_UNREACHABLE_CODE = YES;
				CLANG_WARN__DUPLICATE_METHOD_MATCH = YES;
				COPY_PHASE_STRIP = NO;
				DEBUG_INFORMATION_FORMAT = "dwarf-with-dsym";
				ENABLE_NS_ASSERTIONS = NO;
				ENABLE_STRICT_OBJC_MSGSEND = YES;
				GCC_C_LANGUAGE_STANDARD = gnu11;
				GCC_NO_COMMON_BLOCKS = YES;
				GCC_WARN_64_TO_32_BIT_CONVERSION = YES;
				GCC_WARN_ABOUT_RETURN_TYPE = YES_ERROR;
				GCC_WARN_UNDECLARED_SELECTOR = YES;
				GCC_WARN_UNINITIALIZED_AUTOS = YES_AGGRESSIVE;
				GCC_WARN_UNUSED_FUNCTION = YES;
				GCC_WARN_UNUSED_VARIABLE = YES;
				MACOSX_DEPLOYMENT_TARGET = 12.0;
				MTL_ENABLE_DEBUG_INFO = NO;
				MTL_FAST_MATH = YES;
				PRODUCT_NAME = "$(TARGET_NAME)";
				SDKROOT = macosx;
				SWIFT_COMPILATION_MODE = wholemodule;
				SWIFT_OPTIMIZATION_LEVEL = "-O";
				SWIFT_VERSION = 5.0;
			};
			name = Release;
		};
		511BE9B35BD77D584F80AB07 /* Release */ = {
			isa = XCBuildConfiguration;
			buildSettings = {
				ASSETCATALOG_COMPILER_APPICON_NAME = AppIcon;
				CODE_SIGN_STYLE = Automatic;
				COMBINE_HIDPI_IMAGES = YES;
				ENABLE_HARDENED_RUNTIME = YES;
				INFOPLIST_FILE = Resources/Info.plist;
				LD_RUNPATH_SEARCH_PATHS = (
					"$(inherited)",
					"@executable_path/../Frameworks",
				);
				MACOSX_DEPLOYMENT_TARGET = 12.0;
				PRODUCT_BUNDLE_IDENTIFIER = com.example.MetalCityscape;
				SDKROOT = macosx;
				SWIFT_VERSION = 5.0;
			};
			name = Release;
		};
		BAB02EABF54F2038D0D331ED /* Debug */ = {
			isa = XCBuildConfiguration;
			buildSettings = {
				ASSETCATALOG_COMPILER_APPICON_NAME = AppIcon;
				CODE_SIGN_STYLE = Automatic;
				COMBINE_HIDPI_IMAGES = YES;
				ENABLE_HARDENED_RUNTIME = YES;
				INFOPLIST_FILE = Resources/Info.plist;
				LD_RUNPATH_SEARCH_PATHS = (
					"$(inherited)",
					"@executable_path/../Frameworks",
				);
				MACOSX_DEPLOYMENT_TARGET = 12.0;
				PRODUCT_BUNDLE_IDENTIFIER = com.example.MetalCityscape;
				SDKROOT = macosx;
				SWIFT_VERSION = 5.0;
			};
			name = Debug;
		};
		FD828C4F47C17ACAAA4868E4 /* Debug */ = {
			isa = XCBuildConfiguration;
			buildSettings = {
				ALWAYS_SEARCH_USER_PATHS = NO;
				CLANG_ANALYZER_NONNULL = YES;
				CLANG_ANALYZER_NUMBER_OBJECT_CONVERSION = YES_AGGRESSIVE;
				CLANG_CXX_LANGUAGE_STANDARD = "gnu++14";
				CLANG_CXX_LIBRARY = "libc++";
				CLANG_ENABLE_MODULES = YES;
				CLANG_ENABLE_OBJC_ARC = YES;
				CLANG_ENABLE_OBJC_WEAK = YES;
				CLANG_WARN_BLOCK_CAPTURE_AUTORELEASING = YES;
				CLANG_WARN_BOOL_CONVERSION = YES;
				CLANG_WARN_COMMA = YES;
				CLANG_WARN_CONSTANT_CONVERSION = YES;
				CLANG_WARN_DEPRECATED_OBJC_IMPLEMENTATIONS = YES;
				CLANG_WARN_DIRECT_OBJC_ISA_USAGE = YES_ERROR;
				CLANG_WARN_DOCUMENTATION_COMMENTS = YES;
				CLANG_WARN_EMPTY_BODY = YES;
				CLANG_WARN_ENUM_CONVERSION = YES;
				CLANG_WARN_INFINITE_RECURSION = YES;
				CLANG_WARN_INT_CONVERSION = YES;
				CLANG_WARN_NON_LITERAL_NULL_CONVERSION = YES;
				CLANG_WARN_OBJC_IMPLICIT_RETAIN_SELF = YES;
				CLANG_WARN_OBJC_LITERAL_CONVERSION = YES;
				CLANG_WARN_OBJC_ROOT_CLASS = YES_ERROR;
				CLANG_WARN_QUOTED_INCLUDE_IN_FRAMEWORK_HEADER = YES;
				CLANG_WARN_RANGE_LOOP_ANALYSIS = YES;
				CLANG_WARN_STRICT_PROTOTYPES = YES;
				CLANG_WARN_SUSPICIOUS_MOVE = YES;
				CLANG_WARN_UNGUARDED_AVAILABILITY = YES_AGGRESSIVE;
				CLANG_WARN_UNREACHABLE_CODE = YES;
				CLANG_WARN__DUPLICATE_METHOD_MATCH = YES;
				COPY_PHASE_STRIP = NO;
				DEBUG_INFORMATION_FORMAT = dwarf;
				ENABLE_STRICT_OBJC_MSGSEND = YES;
				ENABLE_TESTABILITY = YES;
				GCC_C_LANGUAGE_STANDARD = gnu11;
				GCC_DYNAMIC_NO_PIC = NO;
				GCC_NO_COMMON_BLOCKS = YES;
				GCC_OPTIMIZATION_LEVEL = 0;
				GCC_PREPROCESSOR_DEFINITIONS = (
					"$(inherited)",
					"DEBUG=1",
				);
				GCC_WARN_64_TO_32_BIT_CONVERSION = YES;
				GCC_WARN_ABOUT_RETURN_TYPE = YES_ERROR;
				GCC_WARN_UNDECLARED_SELECTOR = YES;
				GCC_WARN_UNINITIALIZED_AUTOS = YES_AGGRESSIVE;
				GCC_WARN_UNUSED_FUNCTION = YES;
				GCC_WARN_UNUSED_VARIABLE = YES;
				MACOSX_DEPLOYMENT_TARGET = 12.0;
				MTL_ENABLE_DEBUG_INFO = INCLUDE_SOURCE;
				MTL_FAST_MATH = YES;
				ONLY_ACTIVE_ARCH = YES;
				PRODUCT_NAME = "$(TARGET_NAME)";
				SDKROOT = macosx;
				SWIFT_ACTIVE_COMPILATION_CONDITIONS = DEBUG;
				SWIFT_OPTIMIZATION_LEVEL = "-Onone";
				SWIFT_VERSION = 5.0;
			};
			name = Debug;
		};
/* End XCBuildConfiguration section */

/* Begin XCConfigurationList section */
		8AE0D4B95EA4C0E77D988D74 /* Build configuration list for PBXProject "MetalCityscape" */ = {
			isa = XCConfigurationList;
			buildConfigurations = (
				FD828C4F47C17ACAAA4868E4 /* Debug */,
				0A7E1321CB2EDB5252D169E0 /* Release */,
			);
			defaultConfigurationIsVisible = 0;
			defaultConfigurationName = Debug;
		};
		B702C015B31342F705E0853F /* Build configuration list for PBXNativeTarget "MetalCityscape" */ = {
			isa = XCConfigurationList;
			buildConfigurations = (
				BAB02EABF54F2038D0D331ED /* Debug */,
				511BE9B35BD77D584F80AB07 /* Release */,
			);
			defaultConfigurationIsVisible = 0;
			defaultConfigurationName = Debug;
		};
/* End XCConfigurationList section */
	};
	rootObject = 0CF8099236F569582A28BD07 /* Project object */;
}
